
Microsoft Visual Studio Solution File, Format Version 10.00
# Visual C# Express 2008
Project("{FAE04EC0-301F-11D3-BF4B-00C04F79EFBC}") = "SwfFormat", "SwfReader\SwfFormat.csproj", "{04BB0485-133C-4B56-94C0-D1D9B3D6EC95}"
EndProject
Project("{FAE04EC0-301F-11D3-BF4B-00C04F79EFBC}") = "Vex", "Vfx\Vex.csproj", "{9E0E5CBD-E7FC-4BD6-A9B0-DEEE4BA576C7}"
EndProject
Project("{FAE04EC0-301F-11D3-BF4B-00C04F79EFBC}") = "GdiRenderer", "GdiRenderer\GdiRenderer.csproj", "{9D6E1765-D1AA-4606-BE55-B54BF31BC57E}"
EndProject
Project("{FAE04EC0-301F-11D3-BF4B-00C04F79EFBC}") = "XamlRenderer", "XamlRenderer\XamlRenderer.csproj", "{FB3073F6-2B0F-4D18-AEE3-EBFEAADFC848}"
EndProject
Project("{FAE04EC0-301F-11D3-BF4B-00C04F79EFBC}") = "SwfToXaml", "SwfToXaml\SwfToXaml.csproj", "{334C924E-219B-4DD5-BCCD-4AE6BEFBC364}"
EndProject
Project("{FAE04EC0-301F-11D3-BF4B-00C04F79EFBC}") = "XamlViewer", "XamlViewer\XamlViewer.csproj", "{C17A9FBE-B06E-4D3F-8E4C-5F8CDE4E37B9}"
EndProject
Project("{FAE04EC0-301F-11D3-BF4B-00C04F79EFBC}") = "SwfDump", "SwfDump\SwfDump.csproj", "{70BE9310-9EF9-4553-9A6F-68B25D71368A}"
EndProject
Project("{FAE04EC0-301F-11D3-BF4B-00C04F79EFBC}") = "VexFormat", "..\VexFormat\VexFormat\VexFormat\VexFormat.csproj", "{EB38C075-F640-4913-A089-980F53C4DA46}"
EndProject
Project("{FAE04EC0-301F-11D3-BF4B-00C04F79EFBC}") = "VexTo2DPhysics", "VexTo2DPhysics\VexTo2DPhysics.csproj", "{7DAF775B-4772-473F-81D6-608B4DE681F2}"
EndProject
Project("{FAE04EC0-301F-11D3-BF4B-00C04F79EFBC}") = "SwfBitmapPacker", "SwfBitmapPacker\SwfBitmapPacker.csproj", "{C38F2DA2-587E-476F-9B4C-C536E73F873C}"
EndProject
Project("{FAE04EC0-301F-11D3-BF4B-00C04F79EFBC}") = "SwfRenderer", "SwfRenderer\SwfRenderer.csproj", "{963B2B49-AB09-4B87-87AD-D1D6F75B1948}"
EndProject
Project("{FAE04EC0-301F-11D3-BF4B-00C04F79EFBC}") = "VexPipeline", "VexPipeline\VexPipeline.csproj", "{7118D9A5-616B-4329-831B-C42624D711CE}"
EndProject
Project("{FAE04EC0-301F-11D3-BF4B-00C04F79EFBC}") = "Box2DX", "Box2D\src\Box2DX.csproj", "{C157BCA5-BAC7-455F-A7DE-59D506D46ECF}"
EndProject
Project("{FAE04EC0-301F-11D3-BF4B-00C04F79EFBC}") = "V2DRuntime", "V2DRuntime\V2DRuntime.csproj", "{269A1048-DA2C-475A-9C10-564A7D8A071D}"
EndProject
Project("{FAE04EC0-301F-11D3-BF4B-00C04F79EFBC}") = "Xbox 360 Copy of V2DRuntime", "V2DRuntime\Xbox 360 Copy of V2DRuntime.csproj", "{61E4CA6C-B70B-44E6-94BE-5D0409DB3602}"
EndProject
Project("{FAE04EC0-301F-11D3-BF4B-00C04F79EFBC}") = "VexPipelineReader", "VexPipelineReader\VexPipelineReader.csproj", "{D5D6310E-2D9D-4931-8D3B-4574F6625C6A}"
EndProject
Project("{FAE04EC0-301F-11D3-BF4B-00C04F79EFBC}") = "Xbox 360 Copy of VexPipelineReader", "VexPipelineReader\Xbox 360 Copy of VexPipelineReader.csproj", "{602A9B7F-A669-4025-ABD8-2BC4248FC7B1}"
EndProject
Project("{FAE04EC0-301F-11D3-BF4B-00C04F79EFBC}") = "V2DTests", "V2DTests\V2DTests.csproj", "{DC6234AB-6264-45C0-82F5-4FCD9D14AA3D}"
EndProject
Global
	GlobalSection(SolutionConfigurationPlatforms) = preSolution
		Debug|Any CPU = Debug|Any CPU
		Debug|Mixed Platforms = Debug|Mixed Platforms
		Debug|x86 = Debug|x86
		Debug|Xbox 360 = Debug|Xbox 360
		Debug|Zune = Debug|Zune
		Release|Any CPU = Release|Any CPU
		Release|Mixed Platforms = Release|Mixed Platforms
		Release|x86 = Release|x86
		Release|Xbox 360 = Release|Xbox 360
		Release|Zune = Release|Zune
	EndGlobalSection
	GlobalSection(ProjectConfigurationPlatforms) = postSolution
		{04BB0485-133C-4B56-94C0-D1D9B3D6EC95}.Debug|Any CPU.ActiveCfg = Debug|Any CPU
		{04BB0485-133C-4B56-94C0-D1D9B3D6EC95}.Debug|Any CPU.Build.0 = Debug|Any CPU
		{04BB0485-133C-4B56-94C0-D1D9B3D6EC95}.Debug|Mixed Platforms.ActiveCfg = Debug|Any CPU
		{04BB0485-133C-4B56-94C0-D1D9B3D6EC95}.Debug|Mixed Platforms.Build.0 = Debug|Any CPU
		{04BB0485-133C-4B56-94C0-D1D9B3D6EC95}.Debug|x86.ActiveCfg = Debug|Any CPU
		{04BB0485-133C-4B56-94C0-D1D9B3D6EC95}.Debug|Xbox 360.ActiveCfg = Debug|Any CPU
		{04BB0485-133C-4B56-94C0-D1D9B3D6EC95}.Debug|Zune.ActiveCfg = Debug|Any CPU
		{04BB0485-133C-4B56-94C0-D1D9B3D6EC95}.Release|Any CPU.ActiveCfg = Release|Any CPU
		{04BB0485-133C-4B56-94C0-D1D9B3D6EC95}.Release|Any CPU.Build.0 = Release|Any CPU
		{04BB0485-133C-4B56-94C0-D1D9B3D6EC95}.Release|Mixed Platforms.ActiveCfg = Release|Any CPU
		{04BB0485-133C-4B56-94C0-D1D9B3D6EC95}.Release|Mixed Platforms.Build.0 = Release|Any CPU
		{04BB0485-133C-4B56-94C0-D1D9B3D6EC95}.Release|x86.ActiveCfg = Release|Any CPU
		{04BB0485-133C-4B56-94C0-D1D9B3D6EC95}.Release|Xbox 360.ActiveCfg = Release|Any CPU
		{04BB0485-133C-4B56-94C0-D1D9B3D6EC95}.Release|Zune.ActiveCfg = Release|Any CPU
		{9E0E5CBD-E7FC-4BD6-A9B0-DEEE4BA576C7}.Debug|Any CPU.ActiveCfg = Debug|Any CPU
		{9E0E5CBD-E7FC-4BD6-A9B0-DEEE4BA576C7}.Debug|Any CPU.Build.0 = Debug|Any CPU
		{9E0E5CBD-E7FC-4BD6-A9B0-DEEE4BA576C7}.Debug|Mixed Platforms.ActiveCfg = Debug|Any CPU
		{9E0E5CBD-E7FC-4BD6-A9B0-DEEE4BA576C7}.Debug|Mixed Platforms.Build.0 = Debug|Any CPU
		{9E0E5CBD-E7FC-4BD6-A9B0-DEEE4BA576C7}.Debug|x86.ActiveCfg = Debug|Any CPU
		{9E0E5CBD-E7FC-4BD6-A9B0-DEEE4BA576C7}.Debug|Xbox 360.ActiveCfg = Debug|Any CPU
		{9E0E5CBD-E7FC-4BD6-A9B0-DEEE4BA576C7}.Debug|Zune.ActiveCfg = Debug|Any CPU
		{9E0E5CBD-E7FC-4BD6-A9B0-DEEE4BA576C7}.Release|Any CPU.ActiveCfg = Release|Any CPU
		{9E0E5CBD-E7FC-4BD6-A9B0-DEEE4BA576C7}.Release|Any CPU.Build.0 = Release|Any CPU
		{9E0E5CBD-E7FC-4BD6-A9B0-DEEE4BA576C7}.Release|Mixed Platforms.ActiveCfg = Release|Any CPU
		{9E0E5CBD-E7FC-4BD6-A9B0-DEEE4BA576C7}.Release|Mixed Platforms.Build.0 = Release|Any CPU
		{9E0E5CBD-E7FC-4BD6-A9B0-DEEE4BA576C7}.Release|x86.ActiveCfg = Release|Any CPU
		{9E0E5CBD-E7FC-4BD6-A9B0-DEEE4BA576C7}.Release|Xbox 360.ActiveCfg = Release|Any CPU
		{9E0E5CBD-E7FC-4BD6-A9B0-DEEE4BA576C7}.Release|Zune.ActiveCfg = Release|Any CPU
		{9D6E1765-D1AA-4606-BE55-B54BF31BC57E}.Debug|Any CPU.ActiveCfg = Debug|Any CPU
		{9D6E1765-D1AA-4606-BE55-B54BF31BC57E}.Debug|Any CPU.Build.0 = Debug|Any CPU
		{9D6E1765-D1AA-4606-BE55-B54BF31BC57E}.Debug|Mixed Platforms.ActiveCfg = Debug|Any CPU
		{9D6E1765-D1AA-4606-BE55-B54BF31BC57E}.Debug|Mixed Platforms.Build.0 = Debug|Any CPU
		{9D6E1765-D1AA-4606-BE55-B54BF31BC57E}.Debug|x86.ActiveCfg = Debug|Any CPU
		{9D6E1765-D1AA-4606-BE55-B54BF31BC57E}.Debug|Xbox 360.ActiveCfg = Debug|Any CPU
		{9D6E1765-D1AA-4606-BE55-B54BF31BC57E}.Debug|Zune.ActiveCfg = Debug|Any CPU
		{9D6E1765-D1AA-4606-BE55-B54BF31BC57E}.Release|Any CPU.ActiveCfg = Release|Any CPU
		{9D6E1765-D1AA-4606-BE55-B54BF31BC57E}.Release|Any CPU.Build.0 = Release|Any CPU
		{9D6E1765-D1AA-4606-BE55-B54BF31BC57E}.Release|Mixed Platforms.ActiveCfg = Release|Any CPU
		{9D6E1765-D1AA-4606-BE55-B54BF31BC57E}.Release|Mixed Platforms.Build.0 = Release|Any CPU
		{9D6E1765-D1AA-4606-BE55-B54BF31BC57E}.Release|x86.ActiveCfg = Release|Any CPU
		{9D6E1765-D1AA-4606-BE55-B54BF31BC57E}.Release|Xbox 360.ActiveCfg = Release|Any CPU
		{9D6E1765-D1AA-4606-BE55-B54BF31BC57E}.Release|Zune.ActiveCfg = Release|Any CPU
		{FB3073F6-2B0F-4D18-AEE3-EBFEAADFC848}.Debug|Any CPU.ActiveCfg = Debug|Any CPU
		{FB3073F6-2B0F-4D18-AEE3-EBFEAADFC848}.Debug|Any CPU.Build.0 = Debug|Any CPU
		{FB3073F6-2B0F-4D18-AEE3-EBFEAADFC848}.Debug|Mixed Platforms.ActiveCfg = Debug|Any CPU
		{FB3073F6-2B0F-4D18-AEE3-EBFEAADFC848}.Debug|Mixed Platforms.Build.0 = Debug|Any CPU
		{FB3073F6-2B0F-4D18-AEE3-EBFEAADFC848}.Debug|x86.ActiveCfg = Debug|Any CPU
		{FB3073F6-2B0F-4D18-AEE3-EBFEAADFC848}.Debug|Xbox 360.ActiveCfg = Debug|Any CPU
		{FB3073F6-2B0F-4D18-AEE3-EBFEAADFC848}.Debug|Zune.ActiveCfg = Debug|Any CPU
		{FB3073F6-2B0F-4D18-AEE3-EBFEAADFC848}.Release|Any CPU.ActiveCfg = Release|Any CPU
		{FB3073F6-2B0F-4D18-AEE3-EBFEAADFC848}.Release|Any CPU.Build.0 = Release|Any CPU
		{FB3073F6-2B0F-4D18-AEE3-EBFEAADFC848}.Release|Mixed Platforms.ActiveCfg = Release|Any CPU
		{FB3073F6-2B0F-4D18-AEE3-EBFEAADFC848}.Release|Mixed Platforms.Build.0 = Release|Any CPU
		{FB3073F6-2B0F-4D18-AEE3-EBFEAADFC848}.Release|x86.ActiveCfg = Release|Any CPU
		{FB3073F6-2B0F-4D18-AEE3-EBFEAADFC848}.Release|Xbox 360.ActiveCfg = Release|Any CPU
		{FB3073F6-2B0F-4D18-AEE3-EBFEAADFC848}.Release|Zune.ActiveCfg = Release|Any CPU
		{334C924E-219B-4DD5-BCCD-4AE6BEFBC364}.Debug|Any CPU.ActiveCfg = Debug|Any CPU
		{334C924E-219B-4DD5-BCCD-4AE6BEFBC364}.Debug|Any CPU.Build.0 = Debug|Any CPU
		{334C924E-219B-4DD5-BCCD-4AE6BEFBC364}.Debug|Mixed Platforms.ActiveCfg = Debug|Any CPU
		{334C924E-219B-4DD5-BCCD-4AE6BEFBC364}.Debug|Mixed Platforms.Build.0 = Debug|Any CPU
		{334C924E-219B-4DD5-BCCD-4AE6BEFBC364}.Debug|x86.ActiveCfg = Debug|Any CPU
		{334C924E-219B-4DD5-BCCD-4AE6BEFBC364}.Debug|Xbox 360.ActiveCfg = Debug|Any CPU
		{334C924E-219B-4DD5-BCCD-4AE6BEFBC364}.Debug|Zune.ActiveCfg = Debug|Any CPU
		{334C924E-219B-4DD5-BCCD-4AE6BEFBC364}.Release|Any CPU.ActiveCfg = Release|Any CPU
		{334C924E-219B-4DD5-BCCD-4AE6BEFBC364}.Release|Any CPU.Build.0 = Release|Any CPU
		{334C924E-219B-4DD5-BCCD-4AE6BEFBC364}.Release|Mixed Platforms.ActiveCfg = Release|Any CPU
		{334C924E-219B-4DD5-BCCD-4AE6BEFBC364}.Release|Mixed Platforms.Build.0 = Release|Any CPU
		{334C924E-219B-4DD5-BCCD-4AE6BEFBC364}.Release|x86.ActiveCfg = Release|Any CPU
		{334C924E-219B-4DD5-BCCD-4AE6BEFBC364}.Release|Xbox 360.ActiveCfg = Release|Any CPU
		{334C924E-219B-4DD5-BCCD-4AE6BEFBC364}.Release|Zune.ActiveCfg = Release|Any CPU
		{C17A9FBE-B06E-4D3F-8E4C-5F8CDE4E37B9}.Debug|Any CPU.ActiveCfg = Debug|Any CPU
		{C17A9FBE-B06E-4D3F-8E4C-5F8CDE4E37B9}.Debug|Any CPU.Build.0 = Debug|Any CPU
		{C17A9FBE-B06E-4D3F-8E4C-5F8CDE4E37B9}.Debug|Mixed Platforms.ActiveCfg = Debug|Any CPU
		{C17A9FBE-B06E-4D3F-8E4C-5F8CDE4E37B9}.Debug|Mixed Platforms.Build.0 = Debug|Any CPU
		{C17A9FBE-B06E-4D3F-8E4C-5F8CDE4E37B9}.Debug|x86.ActiveCfg = Debug|Any CPU
		{C17A9FBE-B06E-4D3F-8E4C-5F8CDE4E37B9}.Debug|Xbox 360.ActiveCfg = Debug|Any CPU
		{C17A9FBE-B06E-4D3F-8E4C-5F8CDE4E37B9}.Debug|Zune.ActiveCfg = Debug|Any CPU
		{C17A9FBE-B06E-4D3F-8E4C-5F8CDE4E37B9}.Release|Any CPU.ActiveCfg = Release|Any CPU
		{C17A9FBE-B06E-4D3F-8E4C-5F8CDE4E37B9}.Release|Any CPU.Build.0 = Release|Any CPU
		{C17A9FBE-B06E-4D3F-8E4C-5F8CDE4E37B9}.Release|Mixed Platforms.ActiveCfg = Release|Any CPU
		{C17A9FBE-B06E-4D3F-8E4C-5F8CDE4E37B9}.Release|Mixed Platforms.Build.0 = Release|Any CPU
		{C17A9FBE-B06E-4D3F-8E4C-5F8CDE4E37B9}.Release|x86.ActiveCfg = Release|Any CPU
		{C17A9FBE-B06E-4D3F-8E4C-5F8CDE4E37B9}.Release|Xbox 360.ActiveCfg = Release|Any CPU
		{C17A9FBE-B06E-4D3F-8E4C-5F8CDE4E37B9}.Release|Zune.ActiveCfg = Release|Any CPU
		{70BE9310-9EF9-4553-9A6F-68B25D71368A}.Debug|Any CPU.ActiveCfg = Debug|Any CPU
		{70BE9310-9EF9-4553-9A6F-68B25D71368A}.Debug|Any CPU.Build.0 = Debug|Any CPU
		{70BE9310-9EF9-4553-9A6F-68B25D71368A}.Debug|Mixed Platforms.ActiveCfg = Debug|Any CPU
		{70BE9310-9EF9-4553-9A6F-68B25D71368A}.Debug|Mixed Platforms.Build.0 = Debug|Any CPU
		{70BE9310-9EF9-4553-9A6F-68B25D71368A}.Debug|x86.ActiveCfg = Debug|Any CPU
		{70BE9310-9EF9-4553-9A6F-68B25D71368A}.Debug|Xbox 360.ActiveCfg = Debug|Any CPU
		{70BE9310-9EF9-4553-9A6F-68B25D71368A}.Debug|Zune.ActiveCfg = Debug|Any CPU
		{70BE9310-9EF9-4553-9A6F-68B25D71368A}.Release|Any CPU.ActiveCfg = Release|Any CPU
		{70BE9310-9EF9-4553-9A6F-68B25D71368A}.Release|Any CPU.Build.0 = Release|Any CPU
		{70BE9310-9EF9-4553-9A6F-68B25D71368A}.Release|Mixed Platforms.ActiveCfg = Release|Any CPU
		{70BE9310-9EF9-4553-9A6F-68B25D71368A}.Release|Mixed Platforms.Build.0 = Release|Any CPU
		{70BE9310-9EF9-4553-9A6F-68B25D71368A}.Release|x86.ActiveCfg = Release|Any CPU
		{70BE9310-9EF9-4553-9A6F-68B25D71368A}.Release|Xbox 360.ActiveCfg = Release|Any CPU
		{70BE9310-9EF9-4553-9A6F-68B25D71368A}.Release|Zune.ActiveCfg = Release|Any CPU
		{EB38C075-F640-4913-A089-980F53C4DA46}.Debug|Any CPU.ActiveCfg = Debug|Any CPU
		{EB38C075-F640-4913-A089-980F53C4DA46}.Debug|Any CPU.Build.0 = Debug|Any CPU
		{EB38C075-F640-4913-A089-980F53C4DA46}.Debug|Mixed Platforms.ActiveCfg = Debug|Any CPU
		{EB38C075-F640-4913-A089-980F53C4DA46}.Debug|Mixed Platforms.Build.0 = Debug|Any CPU
		{EB38C075-F640-4913-A089-980F53C4DA46}.Debug|x86.ActiveCfg = Debug|Any CPU
		{EB38C075-F640-4913-A089-980F53C4DA46}.Debug|Xbox 360.ActiveCfg = Debug|Any CPU
		{EB38C075-F640-4913-A089-980F53C4DA46}.Debug|Zune.ActiveCfg = Debug|Any CPU
		{EB38C075-F640-4913-A089-980F53C4DA46}.Release|Any CPU.ActiveCfg = Release|Any CPU
		{EB38C075-F640-4913-A089-980F53C4DA46}.Release|Any CPU.Build.0 = Release|Any CPU
		{EB38C075-F640-4913-A089-980F53C4DA46}.Release|Mixed Platforms.ActiveCfg = Release|Any CPU
		{EB38C075-F640-4913-A089-980F53C4DA46}.Release|Mixed Platforms.Build.0 = Release|Any CPU
		{EB38C075-F640-4913-A089-980F53C4DA46}.Release|x86.ActiveCfg = Release|Any CPU
		{EB38C075-F640-4913-A089-980F53C4DA46}.Release|Xbox 360.ActiveCfg = Release|Any CPU
		{EB38C075-F640-4913-A089-980F53C4DA46}.Release|Zune.ActiveCfg = Release|Any CPU
		{7DAF775B-4772-473F-81D6-608B4DE681F2}.Debug|Any CPU.ActiveCfg = Debug|Any CPU
		{7DAF775B-4772-473F-81D6-608B4DE681F2}.Debug|Any CPU.Build.0 = Debug|Any CPU
		{7DAF775B-4772-473F-81D6-608B4DE681F2}.Debug|Mixed Platforms.ActiveCfg = Debug|Any CPU
		{7DAF775B-4772-473F-81D6-608B4DE681F2}.Debug|Mixed Platforms.Build.0 = Debug|Any CPU
		{7DAF775B-4772-473F-81D6-608B4DE681F2}.Debug|x86.ActiveCfg = Debug|Any CPU
		{7DAF775B-4772-473F-81D6-608B4DE681F2}.Debug|Xbox 360.ActiveCfg = Debug|Any CPU
		{7DAF775B-4772-473F-81D6-608B4DE681F2}.Debug|Zune.ActiveCfg = Debug|Any CPU
		{7DAF775B-4772-473F-81D6-608B4DE681F2}.Release|Any CPU.ActiveCfg = Release|Any CPU
		{7DAF775B-4772-473F-81D6-608B4DE681F2}.Release|Any CPU.Build.0 = Release|Any CPU
		{7DAF775B-4772-473F-81D6-608B4DE681F2}.Release|Mixed Platforms.ActiveCfg = Release|Any CPU
		{7DAF775B-4772-473F-81D6-608B4DE681F2}.Release|Mixed Platforms.Build.0 = Release|Any CPU
		{7DAF775B-4772-473F-81D6-608B4DE681F2}.Release|x86.ActiveCfg = Release|Any CPU
		{7DAF775B-4772-473F-81D6-608B4DE681F2}.Release|Xbox 360.ActiveCfg = Release|Any CPU
		{7DAF775B-4772-473F-81D6-608B4DE681F2}.Release|Zune.ActiveCfg = Release|Any CPU
		{C38F2DA2-587E-476F-9B4C-C536E73F873C}.Debug|Any CPU.ActiveCfg = Debug|Any CPU
		{C38F2DA2-587E-476F-9B4C-C536E73F873C}.Debug|Any CPU.Build.0 = Debug|Any CPU
		{C38F2DA2-587E-476F-9B4C-C536E73F873C}.Debug|Mixed Platforms.ActiveCfg = Debug|Any CPU
		{C38F2DA2-587E-476F-9B4C-C536E73F873C}.Debug|Mixed Platforms.Build.0 = Debug|Any CPU
		{C38F2DA2-587E-476F-9B4C-C536E73F873C}.Debug|x86.ActiveCfg = Debug|Any CPU
		{C38F2DA2-587E-476F-9B4C-C536E73F873C}.Debug|Xbox 360.ActiveCfg = Debug|Any CPU
		{C38F2DA2-587E-476F-9B4C-C536E73F873C}.Debug|Zune.ActiveCfg = Debug|Any CPU
		{C38F2DA2-587E-476F-9B4C-C536E73F873C}.Release|Any CPU.ActiveCfg = Release|Any CPU
		{C38F2DA2-587E-476F-9B4C-C536E73F873C}.Release|Any CPU.Build.0 = Release|Any CPU
		{C38F2DA2-587E-476F-9B4C-C536E73F873C}.Release|Mixed Platforms.ActiveCfg = Release|Any CPU
		{C38F2DA2-587E-476F-9B4C-C536E73F873C}.Release|Mixed Platforms.Build.0 = Release|Any CPU
		{C38F2DA2-587E-476F-9B4C-C536E73F873C}.Release|x86.ActiveCfg = Release|Any CPU
		{C38F2DA2-587E-476F-9B4C-C536E73F873C}.Release|Xbox 360.ActiveCfg = Release|Any CPU
		{C38F2DA2-587E-476F-9B4C-C536E73F873C}.Release|Zune.ActiveCfg = Release|Any CPU
		{963B2B49-AB09-4B87-87AD-D1D6F75B1948}.Debug|Any CPU.ActiveCfg = Debug|Any CPU
		{963B2B49-AB09-4B87-87AD-D1D6F75B1948}.Debug|Any CPU.Build.0 = Debug|Any CPU
		{963B2B49-AB09-4B87-87AD-D1D6F75B1948}.Debug|Mixed Platforms.ActiveCfg = Debug|Any CPU
		{963B2B49-AB09-4B87-87AD-D1D6F75B1948}.Debug|Mixed Platforms.Build.0 = Debug|Any CPU
		{963B2B49-AB09-4B87-87AD-D1D6F75B1948}.Debug|x86.ActiveCfg = Debug|Any CPU
		{963B2B49-AB09-4B87-87AD-D1D6F75B1948}.Debug|Xbox 360.ActiveCfg = Debug|Any CPU
		{963B2B49-AB09-4B87-87AD-D1D6F75B1948}.Debug|Zune.ActiveCfg = Debug|Any CPU
		{963B2B49-AB09-4B87-87AD-D1D6F75B1948}.Release|Any CPU.ActiveCfg = Release|Any CPU
		{963B2B49-AB09-4B87-87AD-D1D6F75B1948}.Release|Any CPU.Build.0 = Release|Any CPU
		{963B2B49-AB09-4B87-87AD-D1D6F75B1948}.Release|Mixed Platforms.ActiveCfg = Release|Any CPU
		{963B2B49-AB09-4B87-87AD-D1D6F75B1948}.Release|Mixed Platforms.Build.0 = Release|Any CPU
		{963B2B49-AB09-4B87-87AD-D1D6F75B1948}.Release|x86.ActiveCfg = Release|Any CPU
		{963B2B49-AB09-4B87-87AD-D1D6F75B1948}.Release|Xbox 360.ActiveCfg = Release|Any CPU
		{963B2B49-AB09-4B87-87AD-D1D6F75B1948}.Release|Zune.ActiveCfg = Release|Any CPU
		{7118D9A5-616B-4329-831B-C42624D711CE}.Debug|Any CPU.ActiveCfg = Debug|x86
		{7118D9A5-616B-4329-831B-C42624D711CE}.Debug|Any CPU.Build.0 = Debug|x86
		{7118D9A5-616B-4329-831B-C42624D711CE}.Debug|Mixed Platforms.ActiveCfg = Debug|x86
		{7118D9A5-616B-4329-831B-C42624D711CE}.Debug|Mixed Platforms.Build.0 = Debug|x86
		{7118D9A5-616B-4329-831B-C42624D711CE}.Debug|x86.ActiveCfg = Debug|x86
		{7118D9A5-616B-4329-831B-C42624D711CE}.Debug|x86.Build.0 = Debug|x86
		{7118D9A5-616B-4329-831B-C42624D711CE}.Debug|Xbox 360.ActiveCfg = Debug|x86
		{7118D9A5-616B-4329-831B-C42624D711CE}.Debug|Xbox 360.Build.0 = Debug|x86
		{7118D9A5-616B-4329-831B-C42624D711CE}.Debug|Zune.ActiveCfg = Debug|Zune
		{7118D9A5-616B-4329-831B-C42624D711CE}.Debug|Zune.Build.0 = Debug|Zune
		{7118D9A5-616B-4329-831B-C42624D711CE}.Release|Any CPU.ActiveCfg = Release|Zune
		{7118D9A5-616B-4329-831B-C42624D711CE}.Release|Mixed Platforms.ActiveCfg = Release|Zune
		{7118D9A5-616B-4329-831B-C42624D711CE}.Release|Mixed Platforms.Build.0 = Release|Zune
		{7118D9A5-616B-4329-831B-C42624D711CE}.Release|x86.ActiveCfg = Release|x86
		{7118D9A5-616B-4329-831B-C42624D711CE}.Release|x86.Build.0 = Release|x86
		{7118D9A5-616B-4329-831B-C42624D711CE}.Release|Xbox 360.ActiveCfg = Release|Xbox 360
		{7118D9A5-616B-4329-831B-C42624D711CE}.Release|Xbox 360.Build.0 = Release|Xbox 360
		{7118D9A5-616B-4329-831B-C42624D711CE}.Release|Zune.ActiveCfg = Release|Zune
		{7118D9A5-616B-4329-831B-C42624D711CE}.Release|Zune.Build.0 = Release|Zune
		{C157BCA5-BAC7-455F-A7DE-59D506D46ECF}.Debug|Any CPU.ActiveCfg = Debug|Any CPU
		{C157BCA5-BAC7-455F-A7DE-59D506D46ECF}.Debug|Any CPU.Build.0 = Debug|Any CPU
		{C157BCA5-BAC7-455F-A7DE-59D506D46ECF}.Debug|Mixed Platforms.ActiveCfg = Debug|Any CPU
		{C157BCA5-BAC7-455F-A7DE-59D506D46ECF}.Debug|Mixed Platforms.Build.0 = Debug|Any CPU
		{C157BCA5-BAC7-455F-A7DE-59D506D46ECF}.Debug|x86.ActiveCfg = Debug|Any CPU
		{C157BCA5-BAC7-455F-A7DE-59D506D46ECF}.Debug|Xbox 360.ActiveCfg = Debug|Any CPU
		{C157BCA5-BAC7-455F-A7DE-59D506D46ECF}.Debug|Zune.ActiveCfg = Debug|Any CPU
		{C157BCA5-BAC7-455F-A7DE-59D506D46ECF}.Release|Any CPU.ActiveCfg = Release|Any CPU
		{C157BCA5-BAC7-455F-A7DE-59D506D46ECF}.Release|Any CPU.Build.0 = Release|Any CPU
		{C157BCA5-BAC7-455F-A7DE-59D506D46ECF}.Release|Mixed Platforms.ActiveCfg = Release|Any CPU
		{C157BCA5-BAC7-455F-A7DE-59D506D46ECF}.Release|Mixed Platforms.Build.0 = Release|Any CPU
		{C157BCA5-BAC7-455F-A7DE-59D506D46ECF}.Release|x86.ActiveCfg = Release|Any CPU
		{C157BCA5-BAC7-455F-A7DE-59D506D46ECF}.Release|Xbox 360.ActiveCfg = Release|Any CPU
		{C157BCA5-BAC7-455F-A7DE-59D506D46ECF}.Release|Zune.ActiveCfg = Release|Any CPU
		{269A1048-DA2C-475A-9C10-564A7D8A071D}.Debug|Any CPU.ActiveCfg = Debug|x86
		{269A1048-DA2C-475A-9C10-564A7D8A071D}.Debug|Any CPU.Build.0 = Debug|x86
		{269A1048-DA2C-475A-9C10-564A7D8A071D}.Debug|Mixed Platforms.ActiveCfg = Debug|x86
		{269A1048-DA2C-475A-9C10-564A7D8A071D}.Debug|Mixed Platforms.Build.0 = Debug|x86
		{269A1048-DA2C-475A-9C10-564A7D8A071D}.Debug|x86.ActiveCfg = Debug|x86
		{269A1048-DA2C-475A-9C10-564A7D8A071D}.Debug|x86.Build.0 = Debug|x86
		{269A1048-DA2C-475A-9C10-564A7D8A071D}.Debug|Xbox 360.ActiveCfg = Debug|x86
		{269A1048-DA2C-475A-9C10-564A7D8A071D}.Debug|Zune.ActiveCfg = Debug|x86
		{269A1048-DA2C-475A-9C10-564A7D8A071D}.Release|Any CPU.ActiveCfg = Release|x86
		{269A1048-DA2C-475A-9C10-564A7D8A071D}.Release|Mixed Platforms.ActiveCfg = Release|x86
		{269A1048-DA2C-475A-9C10-564A7D8A071D}.Release|Mixed Platforms.Build.0 = Release|x86
		{269A1048-DA2C-475A-9C10-564A7D8A071D}.Release|x86.ActiveCfg = Release|x86
		{269A1048-DA2C-475A-9C10-564A7D8A071D}.Release|x86.Build.0 = Release|x86
		{269A1048-DA2C-475A-9C10-564A7D8A071D}.Release|Xbox 360.ActiveCfg = Release|x86
		{269A1048-DA2C-475A-9C10-564A7D8A071D}.Release|Zune.ActiveCfg = Release|x86
		{61E4CA6C-B70B-44E6-94BE-5D0409DB3602}.Debug|Any CPU.ActiveCfg = Debug|Xbox 360
		{61E4CA6C-B70B-44E6-94BE-5D0409DB3602}.Debug|Mixed Platforms.ActiveCfg = Debug|Xbox 360
		{61E4CA6C-B70B-44E6-94BE-5D0409DB3602}.Debug|Mixed Platforms.Build.0 = Debug|Xbox 360
		{61E4CA6C-B70B-44E6-94BE-5D0409DB3602}.Debug|x86.ActiveCfg = Debug|Xbox 360
		{61E4CA6C-B70B-44E6-94BE-5D0409DB3602}.Debug|Xbox 360.ActiveCfg = Debug|Xbox 360
		{61E4CA6C-B70B-44E6-94BE-5D0409DB3602}.Debug|Xbox 360.Build.0 = Debug|Xbox 360
		{61E4CA6C-B70B-44E6-94BE-5D0409DB3602}.Debug|Zune.ActiveCfg = Debug|Xbox 360
		{61E4CA6C-B70B-44E6-94BE-5D0409DB3602}.Release|Any CPU.ActiveCfg = Release|Xbox 360
		{61E4CA6C-B70B-44E6-94BE-5D0409DB3602}.Release|Mixed Platforms.ActiveCfg = Release|Xbox 360
		{61E4CA6C-B70B-44E6-94BE-5D0409DB3602}.Release|Mixed Platforms.Build.0 = Release|Xbox 360
		{61E4CA6C-B70B-44E6-94BE-5D0409DB3602}.Release|x86.ActiveCfg = Release|Xbox 360
		{61E4CA6C-B70B-44E6-94BE-5D0409DB3602}.Release|Xbox 360.ActiveCfg = Release|Xbox 360
		{61E4CA6C-B70B-44E6-94BE-5D0409DB3602}.Release|Xbox 360.Build.0 = Release|Xbox 360
		{61E4CA6C-B70B-44E6-94BE-5D0409DB3602}.Release|Zune.ActiveCfg = Release|Xbox 360
		{D5D6310E-2D9D-4931-8D3B-4574F6625C6A}.Debug|Any CPU.ActiveCfg = Debug|x86
		{D5D6310E-2D9D-4931-8D3B-4574F6625C6A}.Debug|Any CPU.Build.0 = Debug|x86
		{D5D6310E-2D9D-4931-8D3B-4574F6625C6A}.Debug|Mixed Platforms.ActiveCfg = Debug|x86
		{D5D6310E-2D9D-4931-8D3B-4574F6625C6A}.Debug|Mixed Platforms.Build.0 = Debug|x86
		{D5D6310E-2D9D-4931-8D3B-4574F6625C6A}.Debug|x86.ActiveCfg = Debug|x86
		{D5D6310E-2D9D-4931-8D3B-4574F6625C6A}.Debug|x86.Build.0 = Debug|x86
		{D5D6310E-2D9D-4931-8D3B-4574F6625C6A}.Debug|Xbox 360.ActiveCfg = Debug|x86
		{D5D6310E-2D9D-4931-8D3B-4574F6625C6A}.Debug|Zune.ActiveCfg = Debug|x86
		{D5D6310E-2D9D-4931-8D3B-4574F6625C6A}.Release|Any CPU.ActiveCfg = Release|x86
		{D5D6310E-2D9D-4931-8D3B-4574F6625C6A}.Release|Mixed Platforms.ActiveCfg = Release|x86
		{D5D6310E-2D9D-4931-8D3B-4574F6625C6A}.Release|Mixed Platforms.Build.0 = Release|x86
		{D5D6310E-2D9D-4931-8D3B-4574F6625C6A}.Release|x86.ActiveCfg = Release|x86
		{D5D6310E-2D9D-4931-8D3B-4574F6625C6A}.Release|x86.Build.0 = Release|x86
		{D5D6310E-2D9D-4931-8D3B-4574F6625C6A}.Release|Xbox 360.ActiveCfg = Release|x86
		{D5D6310E-2D9D-4931-8D3B-4574F6625C6A}.Release|Zune.ActiveCfg = Release|x86
		{602A9B7F-A669-4025-ABD8-2BC4248FC7B1}.Debug|Any CPU.ActiveCfg = Debug|Xbox 360
		{602A9B7F-A669-4025-ABD8-2BC4248FC7B1}.Debug|Mixed Platforms.ActiveCfg = Debug|Xbox 360
		{602A9B7F-A669-4025-ABD8-2BC4248FC7B1}.Debug|Mixed Platforms.Build.0 = Debug|Xbox 360
		{602A9B7F-A669-4025-ABD8-2BC4248FC7B1}.Debug|x86.ActiveCfg = Debug|Xbox 360
		{602A9B7F-A669-4025-ABD8-2BC4248FC7B1}.Debug|Xbox 360.ActiveCfg = Debug|Xbox 360
		{602A9B7F-A669-4025-ABD8-2BC4248FC7B1}.Debug|Xbox 360.Build.0 = Debug|Xbox 360
		{602A9B7F-A669-4025-ABD8-2BC4248FC7B1}.Debug|Zune.ActiveCfg = Debug|Xbox 360
		{602A9B7F-A669-4025-ABD8-2BC4248FC7B1}.Release|Any CPU.ActiveCfg = Release|Xbox 360
		{602A9B7F-A669-4025-ABD8-2BC4248FC7B1}.Release|Mixed Platforms.ActiveCfg = Release|Xbox 360
		{602A9B7F-A669-4025-ABD8-2BC4248FC7B1}.Release|Mixed Platforms.Build.0 = Release|Xbox 360
		{602A9B7F-A669-4025-ABD8-2BC4248FC7B1}.Release|x86.ActiveCfg = Release|Xbox 360
		{602A9B7F-A669-4025-ABD8-2BC4248FC7B1}.Release|Xbox 360.ActiveCfg = Release|Xbox 360
		{602A9B7F-A669-4025-ABD8-2BC4248FC7B1}.Release|Xbox 360.Build.0 = Release|Xbox 360
		{602A9B7F-A669-4025-ABD8-2BC4248FC7B1}.Release|Zune.ActiveCfg = Release|Xbox 360
		{DC6234AB-6264-45C0-82F5-4FCD9D14AA3D}.Debug|Any CPU.ActiveCfg = Debug|x86
		{DC6234AB-6264-45C0-82F5-4FCD9D14AA3D}.Debug|Any CPU.Build.0 = Debug|x86
		{DC6234AB-6264-45C0-82F5-4FCD9D14AA3D}.Debug|Mixed Platforms.ActiveCfg = Debug|x86
		{DC6234AB-6264-45C0-82F5-4FCD9D14AA3D}.Debug|Mixed Platforms.Build.0 = Debug|x86
		{DC6234AB-6264-45C0-82F5-4FCD9D14AA3D}.Debug|x86.ActiveCfg = Debug|x86
		{DC6234AB-6264-45C0-82F5-4FCD9D14AA3D}.Debug|x86.Build.0 = Debug|x86
		{DC6234AB-6264-45C0-82F5-4FCD9D14AA3D}.Debug|Xbox 360.ActiveCfg = Debug|x86
		{DC6234AB-6264-45C0-82F5-4FCD9D14AA3D}.Debug|Zune.ActiveCfg = Debug|x86
		{DC6234AB-6264-45C0-82F5-4FCD9D14AA3D}.Release|Any CPU.ActiveCfg = Release|x86
		{DC6234AB-6264-45C0-82F5-4FCD9D14AA3D}.Release|Mixed Platforms.ActiveCfg = Release|x86
		{DC6234AB-6264-45C0-82F5-4FCD9D14AA3D}.Release|Mixed Platforms.Build.0 = Release|x86
		{DC6234AB-6264-45C0-82F5-4FCD9D14AA3D}.Release|x86.ActiveCfg = Release|x86
		{DC6234AB-6264-45C0-82F5-4FCD9D14AA3D}.Release|x86.Build.0 = Release|x86
		{DC6234AB-6264-45C0-82F5-4FCD9D14AA3D}.Release|Xbox 360.ActiveCfg = Release|x86
		{DC6234AB-6264-45C0-82F5-4FCD9D14AA3D}.Release|Zune.ActiveCfg = Release|x86
		{B672806B-E071-4D2F-BB65-80B64DBFFC99}.Debug|Any CPU.ActiveCfg = Debug|x86
		{B672806B-E071-4D2F-BB65-80B64DBFFC99}.Debug|Mixed Platforms.ActiveCfg = Debug|x86
		{B672806B-E071-4D2F-BB65-80B64DBFFC99}.Debug|x86.ActiveCfg = Debug|x86
		{B672806B-E071-4D2F-BB65-80B64DBFFC99}.Debug|Xbox 360.ActiveCfg = Debug|x86
		{B672806B-E071-4D2F-BB65-80B64DBFFC99}.Debug|Zune.ActiveCfg = Debug|x86
		{B672806B-E071-4D2F-BB65-80B64DBFFC99}.Release|Any CPU.ActiveCfg = Release|x86
		{B672806B-E071-4D2F-BB65-80B64DBFFC99}.Release|Mixed Platforms.ActiveCfg = Release|x86
		{B672806B-E071-4D2F-BB65-80B64DBFFC99}.Release|x86.ActiveCfg = Release|x86
		{B672806B-E071-4D2F-BB65-80B64DBFFC99}.Release|Xbox 360.ActiveCfg = Release|x86
		{B672806B-E071-4D2F-BB65-80B64DBFFC99}.Release|Zune.ActiveCfg = Release|x86
		{1712BC5B-4EF2-4539-81F4-0A3493FC053A}.Debug|Any CPU.ActiveCfg = Debug|x86
		{1712BC5B-4EF2-4539-81F4-0A3493FC053A}.Debug|Mixed Platforms.ActiveCfg = Debug|x86
		{1712BC5B-4EF2-4539-81F4-0A3493FC053A}.Debug|x86.ActiveCfg = Debug|x86
		{1712BC5B-4EF2-4539-81F4-0A3493FC053A}.Debug|Xbox 360.ActiveCfg = Debug|x86
		{1712BC5B-4EF2-4539-81F4-0A3493FC053A}.Debug|Zune.ActiveCfg = Debug|x86
		{1712BC5B-4EF2-4539-81F4-0A3493FC053A}.Release|Any CPU.ActiveCfg = Release|x86
		{1712BC5B-4EF2-4539-81F4-0A3493FC053A}.Release|Mixed Platforms.ActiveCfg = Release|x86
		{1712BC5B-4EF2-4539-81F4-0A3493FC053A}.Release|x86.ActiveCfg = Release|x86
		{1712BC5B-4EF2-4539-81F4-0A3493FC053A}.Release|Xbox 360.ActiveCfg = Release|x86
		{1712BC5B-4EF2-4539-81F4-0A3493FC053A}.Release|Zune.ActiveCfg = Release|x86
		{819F02BD-960E-4362-9ADD-E70C039AADE5}.Debug|Any CPU.ActiveCfg = Debug|x86
		{819F02BD-960E-4362-9ADD-E70C039AADE5}.Debug|Mixed Platforms.ActiveCfg = Debug|x86
		{819F02BD-960E-4362-9ADD-E70C039AADE5}.Debug|x86.ActiveCfg = Debug|x86
		{819F02BD-960E-4362-9ADD-E70C039AADE5}.Debug|Xbox 360.ActiveCfg = Debug|x86
		{819F02BD-960E-4362-9ADD-E70C039AADE5}.Debug|Zune.ActiveCfg = Debug|x86
		{819F02BD-960E-4362-9ADD-E70C039AADE5}.Release|Any CPU.ActiveCfg = Release|x86
		{819F02BD-960E-4362-9ADD-E70C039AADE5}.Release|Mixed Platforms.ActiveCfg = Release|x86
		{819F02BD-960E-4362-9ADD-E70C039AADE5}.Release|x86.ActiveCfg = Release|x86
		{819F02BD-960E-4362-9ADD-E70C039AADE5}.Release|Xbox 360.ActiveCfg = Release|x86
		{819F02BD-960E-4362-9ADD-E70C039AADE5}.Release|Zune.ActiveCfg = Release|x86
	EndGlobalSection
	GlobalSection(SolutionProperties) = preSolution
		HideSolutionNode = FALSE
	EndGlobalSection
	GlobalSection(SourceCodeControl) = preSolution
		SccNumberOfProjects = 9
		SccLocalPath0 = .
		SccProjectUniqueName1 = Vfx\\Vex.csproj
		SccLocalPath1 = .
		SccProjectFilePathRelativizedFromConnection1 = Vfx\\
		SccProjectUniqueName2 = GdiRenderer\\GdiRenderer.csproj
		SccLocalPath2 = .
		SccProjectFilePathRelativizedFromConnection2 = GdiRenderer\\
		SccProjectUniqueName3 = XamlRenderer\\XamlRenderer.csproj
		SccLocalPath3 = .
		SccProjectFilePathRelativizedFromConnection3 = XamlRenderer\\
		SccProjectUniqueName4 = SwfToXaml\\SwfToXaml.csproj
		SccLocalPath4 = .
		SccProjectFilePathRelativizedFromConnection4 = SwfToXaml\\
		SccProjectUniqueName5 = TheConverted\\TheConverted.vdproj
		SccLocalPath5 = ..
		SccProjectFilePathRelativizedFromConnection5 = XnaAnimator\\TheConverted\\
		SccProjectUniqueName6 = XamlViewer\\XamlViewer.csproj
		SccLocalPath6 = .
		SccProjectFilePathRelativizedFromConnection6 = XamlViewer\\
		SccProjectUniqueName7 = SwfDump\\SwfDump.csproj
		SccLocalPath7 = .
		SccProjectFilePathRelativizedFromConnection7 = SwfDump\\
		SccProjectUniqueName8 = SwfReader\\SwfFormat.csproj
		SccLocalPath8 = .
		SccProjectFilePathRelativizedFromConnection8 = SwfReader\\
	EndGlobalSection
EndGlobal
