
Microsoft Visual Studio Solution File, Format Version 11.00
# Visual Studio 2010 Express for Windows Phone
Project("{FAE04EC0-301F-11D3-BF4B-00C04F79EFBC}") = "SwfFormat", "SwfReader\SwfFormat.csproj", "{04BB0485-133C-4B56-94C0-D1D9B3D6EC95}"
EndProject
Project("{FAE04EC0-301F-11D3-BF4B-00C04F79EFBC}") = "GdiRenderer", "GdiRenderer\GdiRenderer.csproj", "{9D6E1765-D1AA-4606-BE55-B54BF31BC57E}"
EndProject
Project("{FAE04EC0-301F-11D3-BF4B-00C04F79EFBC}") = "XamlRenderer", "XamlRenderer\XamlRenderer.csproj", "{FB3073F6-2B0F-4D18-AEE3-EBFEAADFC848}"
EndProject
Project("{FAE04EC0-301F-11D3-BF4B-00C04F79EFBC}") = "SwfToXaml", "SwfToXaml\SwfToXaml.csproj", "{334C924E-219B-4DD5-BCCD-4AE6BEFBC364}"
EndProject
Project("{FAE04EC0-301F-11D3-BF4B-00C04F79EFBC}") = "XamlViewer", "XamlViewer\XamlViewer.csproj", "{C17A9FBE-B06E-4D3F-8E4C-5F8CDE4E37B9}"
EndProject
Project("{FAE04EC0-301F-11D3-BF4B-00C04F79EFBC}") = "SwfDump", "SwfDump\SwfDump.csproj", "{70BE9310-9EF9-4553-9A6F-68B25D71368A}"
EndProject
Project("{FAE04EC0-301F-11D3-BF4B-00C04F79EFBC}") = "VexTo2DPhysics", "VexTo2DPhysics\VexTo2DPhysics.csproj", "{7DAF775B-4772-473F-81D6-608B4DE681F2}"
EndProject
Project("{FAE04EC0-301F-11D3-BF4B-00C04F79EFBC}") = "SwfBitmapPacker", "SwfBitmapPacker\SwfBitmapPacker.csproj", "{C38F2DA2-587E-476F-9B4C-C536E73F873C}"
EndProject
Project("{FAE04EC0-301F-11D3-BF4B-00C04F79EFBC}") = "SwfRenderer", "SwfRenderer\SwfRenderer.csproj", "{963B2B49-AB09-4B87-87AD-D1D6F75B1948}"
EndProject
Project("{FAE04EC0-301F-11D3-BF4B-00C04F79EFBC}") = "V2DRuntime", "V2DRuntime\V2DRuntime.csproj", "{269A1048-DA2C-475A-9C10-564A7D8A071D}"
EndProject
Project("{FAE04EC0-301F-11D3-BF4B-00C04F79EFBC}") = "VexPipelineReader", "VexPipelineReader\VexPipelineReader.csproj", "{D5D6310E-2D9D-4931-8D3B-4574F6625C6A}"
EndProject
Project("{FAE04EC0-301F-11D3-BF4B-00C04F79EFBC}") = "V2DTests", "V2DTests\V2DTests.csproj", "{DC6234AB-6264-45C0-82F5-4FCD9D14AA3D}"
EndProject
Project("{FAE04EC0-301F-11D3-BF4B-00C04F79EFBC}") = "Box2D.XNA", "Box2D.XNA\Box2D.XNA.csproj", "{22791486-E721-4511-AA4B-DA26CF5D0F2E}"
EndProject
Project("{FAE04EC0-301F-11D3-BF4B-00C04F79EFBC}") = "V2DTestsContent", "V2DTestsContent\V2DTestsContent.contentproj", "{1B45D52F-BD7D-4CF0-9D28-A0CBD5AA00B9}"
EndProject
Project("{FAE04EC0-301F-11D3-BF4B-00C04F79EFBC}") = "VexFormat", "VexFormat\VexFormat.csproj", "{EB38C075-F640-4913-A089-980F53C4DA46}"
EndProject
Project("{FAE04EC0-301F-11D3-BF4B-00C04F79EFBC}") = "VexPipeline", "VexPipeline\VexPipeline.csproj", "{7118D9A5-616B-4329-831B-C42624D711CE}"
EndProject
Project("{FAE04EC0-301F-11D3-BF4B-00C04F79EFBC}") = "Xbox 360 Copy of Box2D.XNA", "Box2D.XNA\Xbox 360 Copy of Box2D.XNA.csproj", "{82100FD0-D27A-46B9-877B-9920D8915ACB}"
EndProject
Project("{FAE04EC0-301F-11D3-BF4B-00C04F79EFBC}") = "Xbox 360 Copy of V2DRuntime", "V2DRuntime\Xbox 360 Copy of V2DRuntime.csproj", "{AF06D1BE-2DE5-44D3-98BB-08A9D77C319B}"
EndProject
Project("{FAE04EC0-301F-11D3-BF4B-00C04F79EFBC}") = "Xbox 360 Copy of VexPipelineReader", "VexPipelineReader\Xbox 360 Copy of VexPipelineReader.csproj", "{FA169B1D-8EBA-423B-BE82-DA600890771F}"
EndProject
Project("{FAE04EC0-301F-11D3-BF4B-00C04F79EFBC}") = "Xbox 360 Copy of V2DTests", "V2DTests\Xbox 360 Copy of V2DTests.csproj", "{F7023F73-C14A-49DC-81D3-DA5A1BBF9DBB}"
EndProject
Project("{FAE04EC0-301F-11D3-BF4B-00C04F79EFBC}") = "Vex", "Vex\Vex.csproj", "{9E0E5CBD-E7FC-4BD6-A9B0-DEEE4BA576C7}"
EndProject
Project("{FAE04EC0-301F-11D3-BF4B-00C04F79EFBC}") = "VexDraw", "VexDraw\VexDraw.csproj", "{A7B0B8AF-3783-4708-9389-4C2B34C5A602}"
EndProject
Project("{FAE04EC0-301F-11D3-BF4B-00C04F79EFBC}") = "Windows Phone Copy of Box2D.XNA", "Box2D.XNA\Windows Phone Copy of Box2D.XNA.csproj", "{A563AABC-664B-4384-8709-E20063DA3D11}"
EndProject
Project("{FAE04EC0-301F-11D3-BF4B-00C04F79EFBC}") = "Windows Phone Copy of V2DRuntime", "V2DRuntime\Windows Phone Copy of V2DRuntime.csproj", "{C3C9DB55-98FE-4519-8E59-2018F68CDFAD}"
EndProject
Project("{FAE04EC0-301F-11D3-BF4B-00C04F79EFBC}") = "Windows Phone Copy of VexPipelineReader", "VexPipelineReader\Windows Phone Copy of VexPipelineReader.csproj", "{B82400D7-0602-43AC-9FFB-C2B9C8D1A1F8}"
EndProject
Project("{FAE04EC0-301F-11D3-BF4B-00C04F79EFBC}") = "Windows Phone Copy of V2DTests", "V2DTests\Windows Phone Copy of V2DTests.csproj", "{960BB16D-D45B-4A25-9B98-4E038627CB7B}"
EndProject
Global
	GlobalSection(SolutionConfigurationPlatforms) = preSolution
		Debug|Any CPU = Debug|Any CPU
		Debug|Mixed Platforms = Debug|Mixed Platforms
		Debug|Windows Phone = Debug|Windows Phone
		Debug|x86 = Debug|x86
		Debug|Xbox 360 = Debug|Xbox 360
		Debug|Zune = Debug|Zune
		Release|Any CPU = Release|Any CPU
		Release|Mixed Platforms = Release|Mixed Platforms
		Release|Windows Phone = Release|Windows Phone
		Release|x86 = Release|x86
		Release|Xbox 360 = Release|Xbox 360
		Release|Zune = Release|Zune
	EndGlobalSection
	GlobalSection(ProjectConfigurationPlatforms) = postSolution
		{04BB0485-133C-4B56-94C0-D1D9B3D6EC95}.Debug|Any CPU.ActiveCfg = Debug|Any CPU
		{04BB0485-133C-4B56-94C0-D1D9B3D6EC95}.Debug|Any CPU.Build.0 = Debug|Any CPU
		{04BB0485-133C-4B56-94C0-D1D9B3D6EC95}.Debug|Mixed Platforms.ActiveCfg = Debug|Any CPU
		{04BB0485-133C-4B56-94C0-D1D9B3D6EC95}.Debug|Mixed Platforms.Build.0 = Debug|Any CPU
		{04BB0485-133C-4B56-94C0-D1D9B3D6EC95}.Debug|Windows Phone.ActiveCfg = Debug|Any CPU
		{04BB0485-133C-4B56-94C0-D1D9B3D6EC95}.Debug|x86.ActiveCfg = Debug|Any CPU
		{04BB0485-133C-4B56-94C0-D1D9B3D6EC95}.Debug|x86.Build.0 = Debug|Any CPU
		{04BB0485-133C-4B56-94C0-D1D9B3D6EC95}.Debug|Xbox 360.ActiveCfg = Debug|Any CPU
		{04BB0485-133C-4B56-94C0-D1D9B3D6EC95}.Debug|Zune.ActiveCfg = Debug|Any CPU
		{04BB0485-133C-4B56-94C0-D1D9B3D6EC95}.Release|Any CPU.ActiveCfg = Release|Any CPU
		{04BB0485-133C-4B56-94C0-D1D9B3D6EC95}.Release|Any CPU.Build.0 = Release|Any CPU
		{04BB0485-133C-4B56-94C0-D1D9B3D6EC95}.Release|Mixed Platforms.ActiveCfg = Release|Any CPU
		{04BB0485-133C-4B56-94C0-D1D9B3D6EC95}.Release|Mixed Platforms.Build.0 = Release|Any CPU
		{04BB0485-133C-4B56-94C0-D1D9B3D6EC95}.Release|Windows Phone.ActiveCfg = Release|Any CPU
		{04BB0485-133C-4B56-94C0-D1D9B3D6EC95}.Release|x86.ActiveCfg = Release|Any CPU
		{04BB0485-133C-4B56-94C0-D1D9B3D6EC95}.Release|x86.Build.0 = Release|Any CPU
		{04BB0485-133C-4B56-94C0-D1D9B3D6EC95}.Release|Xbox 360.ActiveCfg = Release|Any CPU
		{04BB0485-133C-4B56-94C0-D1D9B3D6EC95}.Release|Zune.ActiveCfg = Release|Any CPU
		{9D6E1765-D1AA-4606-BE55-B54BF31BC57E}.Debug|Any CPU.ActiveCfg = Debug|Any CPU
		{9D6E1765-D1AA-4606-BE55-B54BF31BC57E}.Debug|Any CPU.Build.0 = Debug|Any CPU
		{9D6E1765-D1AA-4606-BE55-B54BF31BC57E}.Debug|Mixed Platforms.ActiveCfg = Debug|Any CPU
		{9D6E1765-D1AA-4606-BE55-B54BF31BC57E}.Debug|Mixed Platforms.Build.0 = Debug|Any CPU
		{9D6E1765-D1AA-4606-BE55-B54BF31BC57E}.Debug|Windows Phone.ActiveCfg = Debug|Any CPU
		{9D6E1765-D1AA-4606-BE55-B54BF31BC57E}.Debug|x86.ActiveCfg = Debug|Any CPU
		{9D6E1765-D1AA-4606-BE55-B54BF31BC57E}.Debug|x86.Build.0 = Debug|Any CPU
		{9D6E1765-D1AA-4606-BE55-B54BF31BC57E}.Debug|Xbox 360.ActiveCfg = Debug|Any CPU
		{9D6E1765-D1AA-4606-BE55-B54BF31BC57E}.Debug|Zune.ActiveCfg = Debug|Any CPU
		{9D6E1765-D1AA-4606-BE55-B54BF31BC57E}.Release|Any CPU.ActiveCfg = Release|Any CPU
		{9D6E1765-D1AA-4606-BE55-B54BF31BC57E}.Release|Any CPU.Build.0 = Release|Any CPU
		{9D6E1765-D1AA-4606-BE55-B54BF31BC57E}.Release|Mixed Platforms.ActiveCfg = Release|Any CPU
		{9D6E1765-D1AA-4606-BE55-B54BF31BC57E}.Release|Mixed Platforms.Build.0 = Release|Any CPU
		{9D6E1765-D1AA-4606-BE55-B54BF31BC57E}.Release|Windows Phone.ActiveCfg = Release|Any CPU
		{9D6E1765-D1AA-4606-BE55-B54BF31BC57E}.Release|x86.ActiveCfg = Release|Any CPU
		{9D6E1765-D1AA-4606-BE55-B54BF31BC57E}.Release|x86.Build.0 = Release|Any CPU
		{9D6E1765-D1AA-4606-BE55-B54BF31BC57E}.Release|Xbox 360.ActiveCfg = Release|Any CPU
		{9D6E1765-D1AA-4606-BE55-B54BF31BC57E}.Release|Zune.ActiveCfg = Release|Any CPU
		{FB3073F6-2B0F-4D18-AEE3-EBFEAADFC848}.Debug|Any CPU.ActiveCfg = Debug|Any CPU
		{FB3073F6-2B0F-4D18-AEE3-EBFEAADFC848}.Debug|Any CPU.Build.0 = Debug|Any CPU
		{FB3073F6-2B0F-4D18-AEE3-EBFEAADFC848}.Debug|Mixed Platforms.ActiveCfg = Debug|Any CPU
		{FB3073F6-2B0F-4D18-AEE3-EBFEAADFC848}.Debug|Mixed Platforms.Build.0 = Debug|Any CPU
		{FB3073F6-2B0F-4D18-AEE3-EBFEAADFC848}.Debug|Windows Phone.ActiveCfg = Debug|Any CPU
		{FB3073F6-2B0F-4D18-AEE3-EBFEAADFC848}.Debug|x86.ActiveCfg = Debug|Any CPU
		{FB3073F6-2B0F-4D18-AEE3-EBFEAADFC848}.Debug|Xbox 360.ActiveCfg = Debug|Any CPU
		{FB3073F6-2B0F-4D18-AEE3-EBFEAADFC848}.Debug|Zune.ActiveCfg = Debug|Any CPU
		{FB3073F6-2B0F-4D18-AEE3-EBFEAADFC848}.Release|Any CPU.ActiveCfg = Release|Any CPU
		{FB3073F6-2B0F-4D18-AEE3-EBFEAADFC848}.Release|Any CPU.Build.0 = Release|Any CPU
		{FB3073F6-2B0F-4D18-AEE3-EBFEAADFC848}.Release|Mixed Platforms.ActiveCfg = Release|Any CPU
		{FB3073F6-2B0F-4D18-AEE3-EBFEAADFC848}.Release|Mixed Platforms.Build.0 = Release|Any CPU
		{FB3073F6-2B0F-4D18-AEE3-EBFEAADFC848}.Release|Windows Phone.ActiveCfg = Release|Any CPU
		{FB3073F6-2B0F-4D18-AEE3-EBFEAADFC848}.Release|x86.ActiveCfg = Release|Any CPU
		{FB3073F6-2B0F-4D18-AEE3-EBFEAADFC848}.Release|Xbox 360.ActiveCfg = Release|Any CPU
		{FB3073F6-2B0F-4D18-AEE3-EBFEAADFC848}.Release|Zune.ActiveCfg = Release|Any CPU
		{334C924E-219B-4DD5-BCCD-4AE6BEFBC364}.Debug|Any CPU.ActiveCfg = Debug|Any CPU
		{334C924E-219B-4DD5-BCCD-4AE6BEFBC364}.Debug|Any CPU.Build.0 = Debug|Any CPU
		{334C924E-219B-4DD5-BCCD-4AE6BEFBC364}.Debug|Mixed Platforms.ActiveCfg = Debug|Any CPU
		{334C924E-219B-4DD5-BCCD-4AE6BEFBC364}.Debug|Mixed Platforms.Build.0 = Debug|Any CPU
		{334C924E-219B-4DD5-BCCD-4AE6BEFBC364}.Debug|Windows Phone.ActiveCfg = Debug|Any CPU
		{334C924E-219B-4DD5-BCCD-4AE6BEFBC364}.Debug|x86.ActiveCfg = Debug|Any CPU
		{334C924E-219B-4DD5-BCCD-4AE6BEFBC364}.Debug|Xbox 360.ActiveCfg = Debug|Any CPU
		{334C924E-219B-4DD5-BCCD-4AE6BEFBC364}.Debug|Zune.ActiveCfg = Debug|Any CPU
		{334C924E-219B-4DD5-BCCD-4AE6BEFBC364}.Release|Any CPU.ActiveCfg = Release|Any CPU
		{334C924E-219B-4DD5-BCCD-4AE6BEFBC364}.Release|Any CPU.Build.0 = Release|Any CPU
		{334C924E-219B-4DD5-BCCD-4AE6BEFBC364}.Release|Mixed Platforms.ActiveCfg = Release|Any CPU
		{334C924E-219B-4DD5-BCCD-4AE6BEFBC364}.Release|Mixed Platforms.Build.0 = Release|Any CPU
		{334C924E-219B-4DD5-BCCD-4AE6BEFBC364}.Release|Windows Phone.ActiveCfg = Release|Any CPU
		{334C924E-219B-4DD5-BCCD-4AE6BEFBC364}.Release|x86.ActiveCfg = Release|Any CPU
		{334C924E-219B-4DD5-BCCD-4AE6BEFBC364}.Release|Xbox 360.ActiveCfg = Release|Any CPU
		{334C924E-219B-4DD5-BCCD-4AE6BEFBC364}.Release|Zune.ActiveCfg = Release|Any CPU
		{C17A9FBE-B06E-4D3F-8E4C-5F8CDE4E37B9}.Debug|Any CPU.ActiveCfg = Debug|Any CPU
		{C17A9FBE-B06E-4D3F-8E4C-5F8CDE4E37B9}.Debug|Any CPU.Build.0 = Debug|Any CPU
		{C17A9FBE-B06E-4D3F-8E4C-5F8CDE4E37B9}.Debug|Mixed Platforms.ActiveCfg = Debug|Any CPU
		{C17A9FBE-B06E-4D3F-8E4C-5F8CDE4E37B9}.Debug|Mixed Platforms.Build.0 = Debug|Any CPU
		{C17A9FBE-B06E-4D3F-8E4C-5F8CDE4E37B9}.Debug|Windows Phone.ActiveCfg = Debug|Any CPU
		{C17A9FBE-B06E-4D3F-8E4C-5F8CDE4E37B9}.Debug|x86.ActiveCfg = Debug|Any CPU
		{C17A9FBE-B06E-4D3F-8E4C-5F8CDE4E37B9}.Debug|Xbox 360.ActiveCfg = Debug|Any CPU
		{C17A9FBE-B06E-4D3F-8E4C-5F8CDE4E37B9}.Debug|Zune.ActiveCfg = Debug|Any CPU
		{C17A9FBE-B06E-4D3F-8E4C-5F8CDE4E37B9}.Release|Any CPU.ActiveCfg = Release|Any CPU
		{C17A9FBE-B06E-4D3F-8E4C-5F8CDE4E37B9}.Release|Any CPU.Build.0 = Release|Any CPU
		{C17A9FBE-B06E-4D3F-8E4C-5F8CDE4E37B9}.Release|Mixed Platforms.ActiveCfg = Release|Any CPU
		{C17A9FBE-B06E-4D3F-8E4C-5F8CDE4E37B9}.Release|Mixed Platforms.Build.0 = Release|Any CPU
		{C17A9FBE-B06E-4D3F-8E4C-5F8CDE4E37B9}.Release|Windows Phone.ActiveCfg = Release|Any CPU
		{C17A9FBE-B06E-4D3F-8E4C-5F8CDE4E37B9}.Release|x86.ActiveCfg = Release|Any CPU
		{C17A9FBE-B06E-4D3F-8E4C-5F8CDE4E37B9}.Release|Xbox 360.ActiveCfg = Release|Any CPU
		{C17A9FBE-B06E-4D3F-8E4C-5F8CDE4E37B9}.Release|Zune.ActiveCfg = Release|Any CPU
		{70BE9310-9EF9-4553-9A6F-68B25D71368A}.Debug|Any CPU.ActiveCfg = Debug|Any CPU
		{70BE9310-9EF9-4553-9A6F-68B25D71368A}.Debug|Any CPU.Build.0 = Debug|Any CPU
		{70BE9310-9EF9-4553-9A6F-68B25D71368A}.Debug|Mixed Platforms.ActiveCfg = Debug|Any CPU
		{70BE9310-9EF9-4553-9A6F-68B25D71368A}.Debug|Mixed Platforms.Build.0 = Debug|Any CPU
		{70BE9310-9EF9-4553-9A6F-68B25D71368A}.Debug|Windows Phone.ActiveCfg = Debug|Any CPU
		{70BE9310-9EF9-4553-9A6F-68B25D71368A}.Debug|x86.ActiveCfg = Debug|Any CPU
		{70BE9310-9EF9-4553-9A6F-68B25D71368A}.Debug|x86.Build.0 = Debug|Any CPU
		{70BE9310-9EF9-4553-9A6F-68B25D71368A}.Debug|Xbox 360.ActiveCfg = Debug|Any CPU
		{70BE9310-9EF9-4553-9A6F-68B25D71368A}.Debug|Zune.ActiveCfg = Debug|Any CPU
		{70BE9310-9EF9-4553-9A6F-68B25D71368A}.Release|Any CPU.ActiveCfg = Release|Any CPU
		{70BE9310-9EF9-4553-9A6F-68B25D71368A}.Release|Any CPU.Build.0 = Release|Any CPU
		{70BE9310-9EF9-4553-9A6F-68B25D71368A}.Release|Mixed Platforms.ActiveCfg = Release|Any CPU
		{70BE9310-9EF9-4553-9A6F-68B25D71368A}.Release|Mixed Platforms.Build.0 = Release|Any CPU
		{70BE9310-9EF9-4553-9A6F-68B25D71368A}.Release|Windows Phone.ActiveCfg = Release|Any CPU
		{70BE9310-9EF9-4553-9A6F-68B25D71368A}.Release|x86.ActiveCfg = Release|Any CPU
		{70BE9310-9EF9-4553-9A6F-68B25D71368A}.Release|x86.Build.0 = Release|Any CPU
		{70BE9310-9EF9-4553-9A6F-68B25D71368A}.Release|Xbox 360.ActiveCfg = Release|Any CPU
		{70BE9310-9EF9-4553-9A6F-68B25D71368A}.Release|Zune.ActiveCfg = Release|Any CPU
		{7DAF775B-4772-473F-81D6-608B4DE681F2}.Debug|Any CPU.ActiveCfg = Debug|x86
		{7DAF775B-4772-473F-81D6-608B4DE681F2}.Debug|Any CPU.Build.0 = Debug|x86
		{7DAF775B-4772-473F-81D6-608B4DE681F2}.Debug|Mixed Platforms.ActiveCfg = Debug|Any CPU
		{7DAF775B-4772-473F-81D6-608B4DE681F2}.Debug|Mixed Platforms.Build.0 = Debug|Any CPU
		{7DAF775B-4772-473F-81D6-608B4DE681F2}.Debug|Windows Phone.ActiveCfg = Debug|x86
		{7DAF775B-4772-473F-81D6-608B4DE681F2}.Debug|x86.ActiveCfg = Debug|Any CPU
		{7DAF775B-4772-473F-81D6-608B4DE681F2}.Debug|x86.Build.0 = Debug|Any CPU
		{7DAF775B-4772-473F-81D6-608B4DE681F2}.Debug|Xbox 360.ActiveCfg = Debug|Any CPU
		{7DAF775B-4772-473F-81D6-608B4DE681F2}.Debug|Zune.ActiveCfg = Debug|Any CPU
		{7DAF775B-4772-473F-81D6-608B4DE681F2}.Release|Any CPU.ActiveCfg = Release|x86
		{7DAF775B-4772-473F-81D6-608B4DE681F2}.Release|Any CPU.Build.0 = Release|x86
		{7DAF775B-4772-473F-81D6-608B4DE681F2}.Release|Mixed Platforms.ActiveCfg = Release|Any CPU
		{7DAF775B-4772-473F-81D6-608B4DE681F2}.Release|Mixed Platforms.Build.0 = Release|Any CPU
		{7DAF775B-4772-473F-81D6-608B4DE681F2}.Release|Windows Phone.ActiveCfg = Release|x86
		{7DAF775B-4772-473F-81D6-608B4DE681F2}.Release|x86.ActiveCfg = Release|Any CPU
		{7DAF775B-4772-473F-81D6-608B4DE681F2}.Release|x86.Build.0 = Release|Any CPU
		{7DAF775B-4772-473F-81D6-608B4DE681F2}.Release|Xbox 360.ActiveCfg = Release|Any CPU
		{7DAF775B-4772-473F-81D6-608B4DE681F2}.Release|Zune.ActiveCfg = Release|Any CPU
		{C38F2DA2-587E-476F-9B4C-C536E73F873C}.Debug|Any CPU.ActiveCfg = Debug|Any CPU
		{C38F2DA2-587E-476F-9B4C-C536E73F873C}.Debug|Any CPU.Build.0 = Debug|Any CPU
		{C38F2DA2-587E-476F-9B4C-C536E73F873C}.Debug|Mixed Platforms.ActiveCfg = Debug|Any CPU
		{C38F2DA2-587E-476F-9B4C-C536E73F873C}.Debug|Mixed Platforms.Build.0 = Debug|Any CPU
		{C38F2DA2-587E-476F-9B4C-C536E73F873C}.Debug|Windows Phone.ActiveCfg = Debug|Any CPU
		{C38F2DA2-587E-476F-9B4C-C536E73F873C}.Debug|x86.ActiveCfg = Debug|Any CPU
		{C38F2DA2-587E-476F-9B4C-C536E73F873C}.Debug|x86.Build.0 = Debug|Any CPU
		{C38F2DA2-587E-476F-9B4C-C536E73F873C}.Debug|Xbox 360.ActiveCfg = Debug|Any CPU
		{C38F2DA2-587E-476F-9B4C-C536E73F873C}.Debug|Zune.ActiveCfg = Debug|Any CPU
		{C38F2DA2-587E-476F-9B4C-C536E73F873C}.Release|Any CPU.ActiveCfg = Release|Any CPU
		{C38F2DA2-587E-476F-9B4C-C536E73F873C}.Release|Any CPU.Build.0 = Release|Any CPU
		{C38F2DA2-587E-476F-9B4C-C536E73F873C}.Release|Mixed Platforms.ActiveCfg = Release|Any CPU
		{C38F2DA2-587E-476F-9B4C-C536E73F873C}.Release|Mixed Platforms.Build.0 = Release|Any CPU
		{C38F2DA2-587E-476F-9B4C-C536E73F873C}.Release|Windows Phone.ActiveCfg = Release|Any CPU
		{C38F2DA2-587E-476F-9B4C-C536E73F873C}.Release|x86.ActiveCfg = Release|Any CPU
		{C38F2DA2-587E-476F-9B4C-C536E73F873C}.Release|x86.Build.0 = Release|Any CPU
		{C38F2DA2-587E-476F-9B4C-C536E73F873C}.Release|Xbox 360.ActiveCfg = Release|Any CPU
		{C38F2DA2-587E-476F-9B4C-C536E73F873C}.Release|Zune.ActiveCfg = Release|Any CPU
		{963B2B49-AB09-4B87-87AD-D1D6F75B1948}.Debug|Any CPU.ActiveCfg = Debug|Any CPU
		{963B2B49-AB09-4B87-87AD-D1D6F75B1948}.Debug|Any CPU.Build.0 = Debug|Any CPU
		{963B2B49-AB09-4B87-87AD-D1D6F75B1948}.Debug|Mixed Platforms.ActiveCfg = Debug|Any CPU
		{963B2B49-AB09-4B87-87AD-D1D6F75B1948}.Debug|Mixed Platforms.Build.0 = Debug|Any CPU
		{963B2B49-AB09-4B87-87AD-D1D6F75B1948}.Debug|Windows Phone.ActiveCfg = Debug|Any CPU
		{963B2B49-AB09-4B87-87AD-D1D6F75B1948}.Debug|x86.ActiveCfg = Debug|Any CPU
		{963B2B49-AB09-4B87-87AD-D1D6F75B1948}.Debug|x86.Build.0 = Debug|Any CPU
		{963B2B49-AB09-4B87-87AD-D1D6F75B1948}.Debug|Xbox 360.ActiveCfg = Debug|Any CPU
		{963B2B49-AB09-4B87-87AD-D1D6F75B1948}.Debug|Zune.ActiveCfg = Debug|Any CPU
		{963B2B49-AB09-4B87-87AD-D1D6F75B1948}.Release|Any CPU.ActiveCfg = Release|Any CPU
		{963B2B49-AB09-4B87-87AD-D1D6F75B1948}.Release|Any CPU.Build.0 = Release|Any CPU
		{963B2B49-AB09-4B87-87AD-D1D6F75B1948}.Release|Mixed Platforms.ActiveCfg = Release|Any CPU
		{963B2B49-AB09-4B87-87AD-D1D6F75B1948}.Release|Mixed Platforms.Build.0 = Release|Any CPU
		{963B2B49-AB09-4B87-87AD-D1D6F75B1948}.Release|Windows Phone.ActiveCfg = Release|Any CPU
		{963B2B49-AB09-4B87-87AD-D1D6F75B1948}.Release|x86.ActiveCfg = Release|Any CPU
		{963B2B49-AB09-4B87-87AD-D1D6F75B1948}.Release|x86.Build.0 = Release|Any CPU
		{963B2B49-AB09-4B87-87AD-D1D6F75B1948}.Release|Xbox 360.ActiveCfg = Release|Any CPU
		{963B2B49-AB09-4B87-87AD-D1D6F75B1948}.Release|Zune.ActiveCfg = Release|Any CPU
		{269A1048-DA2C-475A-9C10-564A7D8A071D}.Debug|Any CPU.ActiveCfg = Debug|x86
		{269A1048-DA2C-475A-9C10-564A7D8A071D}.Debug|Any CPU.Build.0 = Debug|x86
		{269A1048-DA2C-475A-9C10-564A7D8A071D}.Debug|Mixed Platforms.ActiveCfg = Debug|x86
		{269A1048-DA2C-475A-9C10-564A7D8A071D}.Debug|Mixed Platforms.Build.0 = Debug|x86
		{269A1048-DA2C-475A-9C10-564A7D8A071D}.Debug|Windows Phone.ActiveCfg = Debug|x86
		{269A1048-DA2C-475A-9C10-564A7D8A071D}.Debug|Windows Phone.Build.0 = Debug|x86
		{269A1048-DA2C-475A-9C10-564A7D8A071D}.Debug|x86.ActiveCfg = Debug|x86
		{269A1048-DA2C-475A-9C10-564A7D8A071D}.Debug|x86.Build.0 = Debug|x86
		{269A1048-DA2C-475A-9C10-564A7D8A071D}.Debug|Xbox 360.ActiveCfg = Debug|x86
		{269A1048-DA2C-475A-9C10-564A7D8A071D}.Debug|Xbox 360.Build.0 = Debug|x86
		{269A1048-DA2C-475A-9C10-564A7D8A071D}.Debug|Zune.ActiveCfg = Debug|x86
		{269A1048-DA2C-475A-9C10-564A7D8A071D}.Release|Any CPU.ActiveCfg = Release|x86
		{269A1048-DA2C-475A-9C10-564A7D8A071D}.Release|Mixed Platforms.ActiveCfg = Release|x86
		{269A1048-DA2C-475A-9C10-564A7D8A071D}.Release|Mixed Platforms.Build.0 = Release|x86
		{269A1048-DA2C-475A-9C10-564A7D8A071D}.Release|Windows Phone.ActiveCfg = Release|x86
		{269A1048-DA2C-475A-9C10-564A7D8A071D}.Release|Windows Phone.Build.0 = Release|x86
		{269A1048-DA2C-475A-9C10-564A7D8A071D}.Release|x86.ActiveCfg = Release|x86
		{269A1048-DA2C-475A-9C10-564A7D8A071D}.Release|x86.Build.0 = Release|x86
		{269A1048-DA2C-475A-9C10-564A7D8A071D}.Release|Xbox 360.ActiveCfg = Release|x86
		{269A1048-DA2C-475A-9C10-564A7D8A071D}.Release|Xbox 360.Build.0 = Release|x86
		{269A1048-DA2C-475A-9C10-564A7D8A071D}.Release|Zune.ActiveCfg = Release|x86
		{D5D6310E-2D9D-4931-8D3B-4574F6625C6A}.Debug|Any CPU.ActiveCfg = Debug|x86
		{D5D6310E-2D9D-4931-8D3B-4574F6625C6A}.Debug|Any CPU.Build.0 = Debug|x86
		{D5D6310E-2D9D-4931-8D3B-4574F6625C6A}.Debug|Mixed Platforms.ActiveCfg = Debug|x86
		{D5D6310E-2D9D-4931-8D3B-4574F6625C6A}.Debug|Mixed Platforms.Build.0 = Debug|x86
		{D5D6310E-2D9D-4931-8D3B-4574F6625C6A}.Debug|Windows Phone.ActiveCfg = Debug|x86
		{D5D6310E-2D9D-4931-8D3B-4574F6625C6A}.Debug|Windows Phone.Build.0 = Debug|x86
		{D5D6310E-2D9D-4931-8D3B-4574F6625C6A}.Debug|x86.ActiveCfg = Debug|x86
		{D5D6310E-2D9D-4931-8D3B-4574F6625C6A}.Debug|x86.Build.0 = Debug|x86
		{D5D6310E-2D9D-4931-8D3B-4574F6625C6A}.Debug|Xbox 360.ActiveCfg = Debug|x86
		{D5D6310E-2D9D-4931-8D3B-4574F6625C6A}.Debug|Xbox 360.Build.0 = Debug|x86
		{D5D6310E-2D9D-4931-8D3B-4574F6625C6A}.Debug|Zune.ActiveCfg = Debug|x86
		{D5D6310E-2D9D-4931-8D3B-4574F6625C6A}.Release|Any CPU.ActiveCfg = Release|x86
		{D5D6310E-2D9D-4931-8D3B-4574F6625C6A}.Release|Mixed Platforms.ActiveCfg = Release|x86
		{D5D6310E-2D9D-4931-8D3B-4574F6625C6A}.Release|Mixed Platforms.Build.0 = Release|x86
		{D5D6310E-2D9D-4931-8D3B-4574F6625C6A}.Release|Windows Phone.ActiveCfg = Release|x86
		{D5D6310E-2D9D-4931-8D3B-4574F6625C6A}.Release|Windows Phone.Build.0 = Release|x86
		{D5D6310E-2D9D-4931-8D3B-4574F6625C6A}.Release|x86.ActiveCfg = Release|x86
		{D5D6310E-2D9D-4931-8D3B-4574F6625C6A}.Release|x86.Build.0 = Release|x86
		{D5D6310E-2D9D-4931-8D3B-4574F6625C6A}.Release|Xbox 360.ActiveCfg = Release|x86
		{D5D6310E-2D9D-4931-8D3B-4574F6625C6A}.Release|Xbox 360.Build.0 = Release|x86
		{D5D6310E-2D9D-4931-8D3B-4574F6625C6A}.Release|Zune.ActiveCfg = Release|x86
		{DC6234AB-6264-45C0-82F5-4FCD9D14AA3D}.Debug|Any CPU.ActiveCfg = Debug|x86
		{DC6234AB-6264-45C0-82F5-4FCD9D14AA3D}.Debug|Mixed Platforms.ActiveCfg = Debug|x86
		{DC6234AB-6264-45C0-82F5-4FCD9D14AA3D}.Debug|Mixed Platforms.Build.0 = Debug|x86
		{DC6234AB-6264-45C0-82F5-4FCD9D14AA3D}.Debug|Windows Phone.ActiveCfg = Debug|x86
		{DC6234AB-6264-45C0-82F5-4FCD9D14AA3D}.Debug|Windows Phone.Build.0 = Debug|x86
		{DC6234AB-6264-45C0-82F5-4FCD9D14AA3D}.Debug|x86.ActiveCfg = Debug|x86
		{DC6234AB-6264-45C0-82F5-4FCD9D14AA3D}.Debug|x86.Build.0 = Debug|x86
		{DC6234AB-6264-45C0-82F5-4FCD9D14AA3D}.Debug|Xbox 360.ActiveCfg = Debug|x86
		{DC6234AB-6264-45C0-82F5-4FCD9D14AA3D}.Debug|Xbox 360.Build.0 = Debug|x86
		{DC6234AB-6264-45C0-82F5-4FCD9D14AA3D}.Debug|Zune.ActiveCfg = Debug|x86
		{DC6234AB-6264-45C0-82F5-4FCD9D14AA3D}.Release|Any CPU.ActiveCfg = Release|x86
		{DC6234AB-6264-45C0-82F5-4FCD9D14AA3D}.Release|Mixed Platforms.ActiveCfg = Release|x86
		{DC6234AB-6264-45C0-82F5-4FCD9D14AA3D}.Release|Mixed Platforms.Build.0 = Release|x86
		{DC6234AB-6264-45C0-82F5-4FCD9D14AA3D}.Release|Windows Phone.ActiveCfg = Release|x86
		{DC6234AB-6264-45C0-82F5-4FCD9D14AA3D}.Release|Windows Phone.Build.0 = Release|x86
		{DC6234AB-6264-45C0-82F5-4FCD9D14AA3D}.Release|x86.ActiveCfg = Release|x86
		{DC6234AB-6264-45C0-82F5-4FCD9D14AA3D}.Release|x86.Build.0 = Release|x86
		{DC6234AB-6264-45C0-82F5-4FCD9D14AA3D}.Release|Xbox 360.ActiveCfg = Release|x86
		{DC6234AB-6264-45C0-82F5-4FCD9D14AA3D}.Release|Xbox 360.Build.0 = Release|x86
		{DC6234AB-6264-45C0-82F5-4FCD9D14AA3D}.Release|Zune.ActiveCfg = Release|x86
		{22791486-E721-4511-AA4B-DA26CF5D0F2E}.Debug|Any CPU.ActiveCfg = Debug|x86
		{22791486-E721-4511-AA4B-DA26CF5D0F2E}.Debug|Mixed Platforms.ActiveCfg = Debug|x86
		{22791486-E721-4511-AA4B-DA26CF5D0F2E}.Debug|Mixed Platforms.Build.0 = Debug|x86
		{22791486-E721-4511-AA4B-DA26CF5D0F2E}.Debug|Windows Phone.ActiveCfg = Debug|x86
		{22791486-E721-4511-AA4B-DA26CF5D0F2E}.Debug|Windows Phone.Build.0 = Debug|x86
		{22791486-E721-4511-AA4B-DA26CF5D0F2E}.Debug|x86.ActiveCfg = Debug|x86
		{22791486-E721-4511-AA4B-DA26CF5D0F2E}.Debug|x86.Build.0 = Debug|x86
		{22791486-E721-4511-AA4B-DA26CF5D0F2E}.Debug|Xbox 360.ActiveCfg = Debug|x86
		{22791486-E721-4511-AA4B-DA26CF5D0F2E}.Debug|Xbox 360.Build.0 = Debug|x86
		{22791486-E721-4511-AA4B-DA26CF5D0F2E}.Debug|Zune.ActiveCfg = Debug|x86
		{22791486-E721-4511-AA4B-DA26CF5D0F2E}.Release|Any CPU.ActiveCfg = Release|x86
		{22791486-E721-4511-AA4B-DA26CF5D0F2E}.Release|Mixed Platforms.ActiveCfg = Release|x86
		{22791486-E721-4511-AA4B-DA26CF5D0F2E}.Release|Mixed Platforms.Build.0 = Release|x86
		{22791486-E721-4511-AA4B-DA26CF5D0F2E}.Release|Windows Phone.ActiveCfg = Release|x86
		{22791486-E721-4511-AA4B-DA26CF5D0F2E}.Release|Windows Phone.Build.0 = Release|x86
		{22791486-E721-4511-AA4B-DA26CF5D0F2E}.Release|x86.ActiveCfg = Release|x86
		{22791486-E721-4511-AA4B-DA26CF5D0F2E}.Release|x86.Build.0 = Release|x86
		{22791486-E721-4511-AA4B-DA26CF5D0F2E}.Release|Xbox 360.ActiveCfg = Release|x86
		{22791486-E721-4511-AA4B-DA26CF5D0F2E}.Release|Xbox 360.Build.0 = Release|x86
		{22791486-E721-4511-AA4B-DA26CF5D0F2E}.Release|Zune.ActiveCfg = Release|x86
		{1B45D52F-BD7D-4CF0-9D28-A0CBD5AA00B9}.Debug|Any CPU.ActiveCfg = Debug|Any CPU
		{1B45D52F-BD7D-4CF0-9D28-A0CBD5AA00B9}.Debug|Mixed Platforms.ActiveCfg = Debug|Any CPU
		{1B45D52F-BD7D-4CF0-9D28-A0CBD5AA00B9}.Debug|Windows Phone.ActiveCfg = Debug|Any CPU
		{1B45D52F-BD7D-4CF0-9D28-A0CBD5AA00B9}.Debug|x86.ActiveCfg = Debug|Any CPU
		{1B45D52F-BD7D-4CF0-9D28-A0CBD5AA00B9}.Debug|Xbox 360.ActiveCfg = Debug|Any CPU
		{1B45D52F-BD7D-4CF0-9D28-A0CBD5AA00B9}.Debug|Zune.ActiveCfg = Debug|Any CPU
		{1B45D52F-BD7D-4CF0-9D28-A0CBD5AA00B9}.Release|Any CPU.ActiveCfg = Debug|Any CPU
		{1B45D52F-BD7D-4CF0-9D28-A0CBD5AA00B9}.Release|Mixed Platforms.ActiveCfg = Debug|Any CPU
		{1B45D52F-BD7D-4CF0-9D28-A0CBD5AA00B9}.Release|Windows Phone.ActiveCfg = Debug|Any CPU
		{1B45D52F-BD7D-4CF0-9D28-A0CBD5AA00B9}.Release|x86.ActiveCfg = Debug|Any CPU
		{1B45D52F-BD7D-4CF0-9D28-A0CBD5AA00B9}.Release|Xbox 360.ActiveCfg = Debug|Any CPU
		{1B45D52F-BD7D-4CF0-9D28-A0CBD5AA00B9}.Release|Zune.ActiveCfg = Debug|Any CPU
		{EB38C075-F640-4913-A089-980F53C4DA46}.Debug|Any CPU.ActiveCfg = Debug|Any CPU
		{EB38C075-F640-4913-A089-980F53C4DA46}.Debug|Any CPU.Build.0 = Debug|Any CPU
		{EB38C075-F640-4913-A089-980F53C4DA46}.Debug|Mixed Platforms.ActiveCfg = Debug|Any CPU
		{EB38C075-F640-4913-A089-980F53C4DA46}.Debug|Mixed Platforms.Build.0 = Debug|Any CPU
		{EB38C075-F640-4913-A089-980F53C4DA46}.Debug|Windows Phone.ActiveCfg = Debug|Any CPU
		{EB38C075-F640-4913-A089-980F53C4DA46}.Debug|x86.ActiveCfg = Debug|Any CPU
		{EB38C075-F640-4913-A089-980F53C4DA46}.Debug|x86.Build.0 = Debug|Any CPU
		{EB38C075-F640-4913-A089-980F53C4DA46}.Debug|Xbox 360.ActiveCfg = Debug|Any CPU
		{EB38C075-F640-4913-A089-980F53C4DA46}.Debug|Zune.ActiveCfg = Debug|Any CPU
		{EB38C075-F640-4913-A089-980F53C4DA46}.Release|Any CPU.ActiveCfg = Release|Any CPU
		{EB38C075-F640-4913-A089-980F53C4DA46}.Release|Any CPU.Build.0 = Release|Any CPU
		{EB38C075-F640-4913-A089-980F53C4DA46}.Release|Mixed Platforms.ActiveCfg = Release|Any CPU
		{EB38C075-F640-4913-A089-980F53C4DA46}.Release|Mixed Platforms.Build.0 = Release|Any CPU
		{EB38C075-F640-4913-A089-980F53C4DA46}.Release|Windows Phone.ActiveCfg = Release|Any CPU
		{EB38C075-F640-4913-A089-980F53C4DA46}.Release|x86.ActiveCfg = Release|Any CPU
		{EB38C075-F640-4913-A089-980F53C4DA46}.Release|x86.Build.0 = Release|Any CPU
		{EB38C075-F640-4913-A089-980F53C4DA46}.Release|Xbox 360.ActiveCfg = Release|Any CPU
		{EB38C075-F640-4913-A089-980F53C4DA46}.Release|Zune.ActiveCfg = Release|Any CPU
		{7118D9A5-616B-4329-831B-C42624D711CE}.Debug|Any CPU.ActiveCfg = Debug|Zune
		{7118D9A5-616B-4329-831B-C42624D711CE}.Debug|Any CPU.Build.0 = Debug|Zune
		{7118D9A5-616B-4329-831B-C42624D711CE}.Debug|Mixed Platforms.ActiveCfg = Debug|Zune
		{7118D9A5-616B-4329-831B-C42624D711CE}.Debug|Mixed Platforms.Build.0 = Debug|Zune
		{7118D9A5-616B-4329-831B-C42624D711CE}.Debug|Windows Phone.ActiveCfg = Debug|Zune
		{7118D9A5-616B-4329-831B-C42624D711CE}.Debug|Windows Phone.Build.0 = Debug|Zune
		{7118D9A5-616B-4329-831B-C42624D711CE}.Debug|x86.ActiveCfg = Debug|x86
		{7118D9A5-616B-4329-831B-C42624D711CE}.Debug|x86.Build.0 = Debug|x86
		{7118D9A5-616B-4329-831B-C42624D711CE}.Debug|Xbox 360.ActiveCfg = Debug|Xbox 360
		{7118D9A5-616B-4329-831B-C42624D711CE}.Debug|Xbox 360.Build.0 = Debug|Xbox 360
		{7118D9A5-616B-4329-831B-C42624D711CE}.Debug|Zune.ActiveCfg = Debug|Zune
		{7118D9A5-616B-4329-831B-C42624D711CE}.Debug|Zune.Build.0 = Debug|Zune
		{7118D9A5-616B-4329-831B-C42624D711CE}.Release|Any CPU.ActiveCfg = Release|x86
		{7118D9A5-616B-4329-831B-C42624D711CE}.Release|Any CPU.Build.0 = Release|x86
		{7118D9A5-616B-4329-831B-C42624D711CE}.Release|Mixed Platforms.ActiveCfg = Release|Zune
		{7118D9A5-616B-4329-831B-C42624D711CE}.Release|Mixed Platforms.Build.0 = Release|Zune
		{7118D9A5-616B-4329-831B-C42624D711CE}.Release|Windows Phone.ActiveCfg = Release|Zune
		{7118D9A5-616B-4329-831B-C42624D711CE}.Release|Windows Phone.Build.0 = Release|Zune
		{7118D9A5-616B-4329-831B-C42624D711CE}.Release|x86.ActiveCfg = Release|x86
		{7118D9A5-616B-4329-831B-C42624D711CE}.Release|x86.Build.0 = Release|x86
		{7118D9A5-616B-4329-831B-C42624D711CE}.Release|Xbox 360.ActiveCfg = Release|Xbox 360
		{7118D9A5-616B-4329-831B-C42624D711CE}.Release|Xbox 360.Build.0 = Release|Xbox 360
		{7118D9A5-616B-4329-831B-C42624D711CE}.Release|Zune.ActiveCfg = Release|Zune
		{7118D9A5-616B-4329-831B-C42624D711CE}.Release|Zune.Build.0 = Release|Zune
		{82100FD0-D27A-46B9-877B-9920D8915ACB}.Debug|Any CPU.ActiveCfg = Debug|Xbox 360
		{82100FD0-D27A-46B9-877B-9920D8915ACB}.Debug|Mixed Platforms.ActiveCfg = Debug|Xbox 360
		{82100FD0-D27A-46B9-877B-9920D8915ACB}.Debug|Mixed Platforms.Build.0 = Debug|Xbox 360
		{82100FD0-D27A-46B9-877B-9920D8915ACB}.Debug|Windows Phone.ActiveCfg = Debug|Xbox 360
		{82100FD0-D27A-46B9-877B-9920D8915ACB}.Debug|Windows Phone.Build.0 = Debug|Xbox 360
		{82100FD0-D27A-46B9-877B-9920D8915ACB}.Debug|x86.ActiveCfg = Debug|Xbox 360
		{82100FD0-D27A-46B9-877B-9920D8915ACB}.Debug|x86.Build.0 = Debug|Xbox 360
		{82100FD0-D27A-46B9-877B-9920D8915ACB}.Debug|Xbox 360.ActiveCfg = Debug|Xbox 360
		{82100FD0-D27A-46B9-877B-9920D8915ACB}.Debug|Xbox 360.Build.0 = Debug|Xbox 360
		{82100FD0-D27A-46B9-877B-9920D8915ACB}.Debug|Zune.ActiveCfg = Debug|Xbox 360
		{82100FD0-D27A-46B9-877B-9920D8915ACB}.Release|Any CPU.ActiveCfg = Release|Xbox 360
		{82100FD0-D27A-46B9-877B-9920D8915ACB}.Release|Mixed Platforms.ActiveCfg = Release|Xbox 360
		{82100FD0-D27A-46B9-877B-9920D8915ACB}.Release|Mixed Platforms.Build.0 = Release|Xbox 360
		{82100FD0-D27A-46B9-877B-9920D8915ACB}.Release|Windows Phone.ActiveCfg = Release|Xbox 360
		{82100FD0-D27A-46B9-877B-9920D8915ACB}.Release|Windows Phone.Build.0 = Release|Xbox 360
		{82100FD0-D27A-46B9-877B-9920D8915ACB}.Release|x86.ActiveCfg = Release|Xbox 360
		{82100FD0-D27A-46B9-877B-9920D8915ACB}.Release|Xbox 360.ActiveCfg = Release|Xbox 360
		{82100FD0-D27A-46B9-877B-9920D8915ACB}.Release|Xbox 360.Build.0 = Release|Xbox 360
		{82100FD0-D27A-46B9-877B-9920D8915ACB}.Release|Zune.ActiveCfg = Release|Xbox 360
		{AF06D1BE-2DE5-44D3-98BB-08A9D77C319B}.Debug|Any CPU.ActiveCfg = Debug|Xbox 360
		{AF06D1BE-2DE5-44D3-98BB-08A9D77C319B}.Debug|Mixed Platforms.ActiveCfg = Debug|Xbox 360
		{AF06D1BE-2DE5-44D3-98BB-08A9D77C319B}.Debug|Mixed Platforms.Build.0 = Debug|Xbox 360
		{AF06D1BE-2DE5-44D3-98BB-08A9D77C319B}.Debug|Windows Phone.ActiveCfg = Debug|Xbox 360
		{AF06D1BE-2DE5-44D3-98BB-08A9D77C319B}.Debug|Windows Phone.Build.0 = Debug|Xbox 360
		{AF06D1BE-2DE5-44D3-98BB-08A9D77C319B}.Debug|x86.ActiveCfg = Debug|Xbox 360
		{AF06D1BE-2DE5-44D3-98BB-08A9D77C319B}.Debug|x86.Build.0 = Debug|Xbox 360
		{AF06D1BE-2DE5-44D3-98BB-08A9D77C319B}.Debug|Xbox 360.ActiveCfg = Debug|Xbox 360
		{AF06D1BE-2DE5-44D3-98BB-08A9D77C319B}.Debug|Xbox 360.Build.0 = Debug|Xbox 360
		{AF06D1BE-2DE5-44D3-98BB-08A9D77C319B}.Debug|Zune.ActiveCfg = Debug|Xbox 360
		{AF06D1BE-2DE5-44D3-98BB-08A9D77C319B}.Release|Any CPU.ActiveCfg = Release|Xbox 360
		{AF06D1BE-2DE5-44D3-98BB-08A9D77C319B}.Release|Mixed Platforms.ActiveCfg = Release|Xbox 360
		{AF06D1BE-2DE5-44D3-98BB-08A9D77C319B}.Release|Mixed Platforms.Build.0 = Release|Xbox 360
		{AF06D1BE-2DE5-44D3-98BB-08A9D77C319B}.Release|Windows Phone.ActiveCfg = Release|Xbox 360
		{AF06D1BE-2DE5-44D3-98BB-08A9D77C319B}.Release|Windows Phone.Build.0 = Release|Xbox 360
		{AF06D1BE-2DE5-44D3-98BB-08A9D77C319B}.Release|x86.ActiveCfg = Release|Xbox 360
		{AF06D1BE-2DE5-44D3-98BB-08A9D77C319B}.Release|Xbox 360.ActiveCfg = Release|Xbox 360
		{AF06D1BE-2DE5-44D3-98BB-08A9D77C319B}.Release|Xbox 360.Build.0 = Release|Xbox 360
		{AF06D1BE-2DE5-44D3-98BB-08A9D77C319B}.Release|Zune.ActiveCfg = Release|Xbox 360
		{FA169B1D-8EBA-423B-BE82-DA600890771F}.Debug|Any CPU.ActiveCfg = Debug|Xbox 360
		{FA169B1D-8EBA-423B-BE82-DA600890771F}.Debug|Mixed Platforms.ActiveCfg = Debug|Xbox 360
		{FA169B1D-8EBA-423B-BE82-DA600890771F}.Debug|Mixed Platforms.Build.0 = Debug|Xbox 360
		{FA169B1D-8EBA-423B-BE82-DA600890771F}.Debug|Windows Phone.ActiveCfg = Debug|Xbox 360
		{FA169B1D-8EBA-423B-BE82-DA600890771F}.Debug|Windows Phone.Build.0 = Debug|Xbox 360
		{FA169B1D-8EBA-423B-BE82-DA600890771F}.Debug|x86.ActiveCfg = Debug|Xbox 360
		{FA169B1D-8EBA-423B-BE82-DA600890771F}.Debug|x86.Build.0 = Debug|Xbox 360
		{FA169B1D-8EBA-423B-BE82-DA600890771F}.Debug|Xbox 360.ActiveCfg = Debug|Xbox 360
		{FA169B1D-8EBA-423B-BE82-DA600890771F}.Debug|Xbox 360.Build.0 = Debug|Xbox 360
		{FA169B1D-8EBA-423B-BE82-DA600890771F}.Debug|Zune.ActiveCfg = Debug|Xbox 360
		{FA169B1D-8EBA-423B-BE82-DA600890771F}.Release|Any CPU.ActiveCfg = Release|Xbox 360
		{FA169B1D-8EBA-423B-BE82-DA600890771F}.Release|Mixed Platforms.ActiveCfg = Release|Xbox 360
		{FA169B1D-8EBA-423B-BE82-DA600890771F}.Release|Mixed Platforms.Build.0 = Release|Xbox 360
		{FA169B1D-8EBA-423B-BE82-DA600890771F}.Release|Windows Phone.ActiveCfg = Release|Xbox 360
		{FA169B1D-8EBA-423B-BE82-DA600890771F}.Release|Windows Phone.Build.0 = Release|Xbox 360
		{FA169B1D-8EBA-423B-BE82-DA600890771F}.Release|x86.ActiveCfg = Release|Xbox 360
		{FA169B1D-8EBA-423B-BE82-DA600890771F}.Release|Xbox 360.ActiveCfg = Release|Xbox 360
		{FA169B1D-8EBA-423B-BE82-DA600890771F}.Release|Xbox 360.Build.0 = Release|Xbox 360
		{FA169B1D-8EBA-423B-BE82-DA600890771F}.Release|Zune.ActiveCfg = Release|Xbox 360
		{F7023F73-C14A-49DC-81D3-DA5A1BBF9DBB}.Debug|Any CPU.ActiveCfg = Debug|Xbox 360
		{F7023F73-C14A-49DC-81D3-DA5A1BBF9DBB}.Debug|Mixed Platforms.ActiveCfg = Debug|Xbox 360
		{F7023F73-C14A-49DC-81D3-DA5A1BBF9DBB}.Debug|Mixed Platforms.Build.0 = Debug|Xbox 360
		{F7023F73-C14A-49DC-81D3-DA5A1BBF9DBB}.Debug|Mixed Platforms.Deploy.0 = Debug|Xbox 360
		{F7023F73-C14A-49DC-81D3-DA5A1BBF9DBB}.Debug|Windows Phone.ActiveCfg = Debug|Xbox 360
		{F7023F73-C14A-49DC-81D3-DA5A1BBF9DBB}.Debug|Windows Phone.Build.0 = Debug|Xbox 360
		{F7023F73-C14A-49DC-81D3-DA5A1BBF9DBB}.Debug|x86.ActiveCfg = Debug|Xbox 360
		{F7023F73-C14A-49DC-81D3-DA5A1BBF9DBB}.Debug|x86.Build.0 = Debug|Xbox 360
		{F7023F73-C14A-49DC-81D3-DA5A1BBF9DBB}.Debug|Xbox 360.ActiveCfg = Debug|Xbox 360
		{F7023F73-C14A-49DC-81D3-DA5A1BBF9DBB}.Debug|Xbox 360.Build.0 = Debug|Xbox 360
		{F7023F73-C14A-49DC-81D3-DA5A1BBF9DBB}.Debug|Xbox 360.Deploy.0 = Debug|Xbox 360
		{F7023F73-C14A-49DC-81D3-DA5A1BBF9DBB}.Debug|Zune.ActiveCfg = Debug|Xbox 360
		{F7023F73-C14A-49DC-81D3-DA5A1BBF9DBB}.Release|Any CPU.ActiveCfg = Release|Xbox 360
		{F7023F73-C14A-49DC-81D3-DA5A1BBF9DBB}.Release|Mixed Platforms.ActiveCfg = Release|Xbox 360
		{F7023F73-C14A-49DC-81D3-DA5A1BBF9DBB}.Release|Mixed Platforms.Build.0 = Release|Xbox 360
		{F7023F73-C14A-49DC-81D3-DA5A1BBF9DBB}.Release|Mixed Platforms.Deploy.0 = Release|Xbox 360
		{F7023F73-C14A-49DC-81D3-DA5A1BBF9DBB}.Release|Windows Phone.ActiveCfg = Release|Xbox 360
		{F7023F73-C14A-49DC-81D3-DA5A1BBF9DBB}.Release|Windows Phone.Build.0 = Release|Xbox 360
		{F7023F73-C14A-49DC-81D3-DA5A1BBF9DBB}.Release|x86.ActiveCfg = Release|Xbox 360
		{F7023F73-C14A-49DC-81D3-DA5A1BBF9DBB}.Release|Xbox 360.ActiveCfg = Release|Xbox 360
		{F7023F73-C14A-49DC-81D3-DA5A1BBF9DBB}.Release|Xbox 360.Build.0 = Release|Xbox 360
		{F7023F73-C14A-49DC-81D3-DA5A1BBF9DBB}.Release|Xbox 360.Deploy.0 = Release|Xbox 360
		{F7023F73-C14A-49DC-81D3-DA5A1BBF9DBB}.Release|Zune.ActiveCfg = Release|Xbox 360
		{9E0E5CBD-E7FC-4BD6-A9B0-DEEE4BA576C7}.Debug|Any CPU.ActiveCfg = Debug|Any CPU
		{9E0E5CBD-E7FC-4BD6-A9B0-DEEE4BA576C7}.Debug|Any CPU.Build.0 = Debug|Any CPU
		{9E0E5CBD-E7FC-4BD6-A9B0-DEEE4BA576C7}.Debug|Mixed Platforms.ActiveCfg = Debug|Any CPU
		{9E0E5CBD-E7FC-4BD6-A9B0-DEEE4BA576C7}.Debug|Mixed Platforms.Build.0 = Debug|Any CPU
		{9E0E5CBD-E7FC-4BD6-A9B0-DEEE4BA576C7}.Debug|Windows Phone.ActiveCfg = Debug|Any CPU
		{9E0E5CBD-E7FC-4BD6-A9B0-DEEE4BA576C7}.Debug|x86.ActiveCfg = Debug|Any CPU
		{9E0E5CBD-E7FC-4BD6-A9B0-DEEE4BA576C7}.Debug|x86.Build.0 = Debug|Any CPU
		{9E0E5CBD-E7FC-4BD6-A9B0-DEEE4BA576C7}.Debug|Xbox 360.ActiveCfg = Debug|Any CPU
		{9E0E5CBD-E7FC-4BD6-A9B0-DEEE4BA576C7}.Debug|Zune.ActiveCfg = Debug|Any CPU
		{9E0E5CBD-E7FC-4BD6-A9B0-DEEE4BA576C7}.Release|Any CPU.ActiveCfg = Release|Any CPU
		{9E0E5CBD-E7FC-4BD6-A9B0-DEEE4BA576C7}.Release|Any CPU.Build.0 = Release|Any CPU
		{9E0E5CBD-E7FC-4BD6-A9B0-DEEE4BA576C7}.Release|Mixed Platforms.ActiveCfg = Release|Any CPU
		{9E0E5CBD-E7FC-4BD6-A9B0-DEEE4BA576C7}.Release|Mixed Platforms.Build.0 = Release|Any CPU
		{9E0E5CBD-E7FC-4BD6-A9B0-DEEE4BA576C7}.Release|Windows Phone.ActiveCfg = Release|Any CPU
		{9E0E5CBD-E7FC-4BD6-A9B0-DEEE4BA576C7}.Release|x86.ActiveCfg = Release|Any CPU
		{9E0E5CBD-E7FC-4BD6-A9B0-DEEE4BA576C7}.Release|x86.Build.0 = Release|Any CPU
		{9E0E5CBD-E7FC-4BD6-A9B0-DEEE4BA576C7}.Release|Xbox 360.ActiveCfg = Release|Any CPU
		{9E0E5CBD-E7FC-4BD6-A9B0-DEEE4BA576C7}.Release|Zune.ActiveCfg = Release|Any CPU
		{A7B0B8AF-3783-4708-9389-4C2B34C5A602}.Debug|Any CPU.ActiveCfg = Debug|Any CPU
		{A7B0B8AF-3783-4708-9389-4C2B34C5A602}.Debug|Any CPU.Build.0 = Debug|Any CPU
		{A7B0B8AF-3783-4708-9389-4C2B34C5A602}.Debug|Mixed Platforms.ActiveCfg = Debug|Any CPU
		{A7B0B8AF-3783-4708-9389-4C2B34C5A602}.Debug|Mixed Platforms.Build.0 = Debug|Any CPU
		{A7B0B8AF-3783-4708-9389-4C2B34C5A602}.Debug|Windows Phone.ActiveCfg = Debug|Any CPU
		{A7B0B8AF-3783-4708-9389-4C2B34C5A602}.Debug|x86.ActiveCfg = Debug|Any CPU
		{A7B0B8AF-3783-4708-9389-4C2B34C5A602}.Debug|x86.Build.0 = Debug|Any CPU
		{A7B0B8AF-3783-4708-9389-4C2B34C5A602}.Debug|Xbox 360.ActiveCfg = Debug|Any CPU
		{A7B0B8AF-3783-4708-9389-4C2B34C5A602}.Debug|Zune.ActiveCfg = Debug|Any CPU
		{A7B0B8AF-3783-4708-9389-4C2B34C5A602}.Release|Any CPU.ActiveCfg = Release|Any CPU
		{A7B0B8AF-3783-4708-9389-4C2B34C5A602}.Release|Any CPU.Build.0 = Release|Any CPU
		{A7B0B8AF-3783-4708-9389-4C2B34C5A602}.Release|Mixed Platforms.ActiveCfg = Release|Any CPU
		{A7B0B8AF-3783-4708-9389-4C2B34C5A602}.Release|Mixed Platforms.Build.0 = Release|Any CPU
		{A7B0B8AF-3783-4708-9389-4C2B34C5A602}.Release|Windows Phone.ActiveCfg = Release|Any CPU
		{A7B0B8AF-3783-4708-9389-4C2B34C5A602}.Release|x86.ActiveCfg = Release|Any CPU
		{A7B0B8AF-3783-4708-9389-4C2B34C5A602}.Release|x86.Build.0 = Release|Any CPU
		{A7B0B8AF-3783-4708-9389-4C2B34C5A602}.Release|Xbox 360.ActiveCfg = Release|Any CPU
		{A7B0B8AF-3783-4708-9389-4C2B34C5A602}.Release|Zune.ActiveCfg = Release|Any CPU
		{A563AABC-664B-4384-8709-E20063DA3D11}.Debug|Any CPU.ActiveCfg = Debug|Windows Phone
		{A563AABC-664B-4384-8709-E20063DA3D11}.Debug|Mixed Platforms.ActiveCfg = Debug|Windows Phone
		{A563AABC-664B-4384-8709-E20063DA3D11}.Debug|Mixed Platforms.Build.0 = Debug|Windows Phone
		{A563AABC-664B-4384-8709-E20063DA3D11}.Debug|Windows Phone.ActiveCfg = Debug|Windows Phone
		{A563AABC-664B-4384-8709-E20063DA3D11}.Debug|Windows Phone.Build.0 = Debug|Windows Phone
		{A563AABC-664B-4384-8709-E20063DA3D11}.Debug|x86.ActiveCfg = Debug|Windows Phone
		{A563AABC-664B-4384-8709-E20063DA3D11}.Debug|x86.Build.0 = Debug|Windows Phone
		{A563AABC-664B-4384-8709-E20063DA3D11}.Debug|Xbox 360.ActiveCfg = Debug|Windows Phone
		{A563AABC-664B-4384-8709-E20063DA3D11}.Debug|Zune.ActiveCfg = Debug|Windows Phone
		{A563AABC-664B-4384-8709-E20063DA3D11}.Release|Any CPU.ActiveCfg = Release|Windows Phone
		{A563AABC-664B-4384-8709-E20063DA3D11}.Release|Mixed Platforms.ActiveCfg = Release|Windows Phone
		{A563AABC-664B-4384-8709-E20063DA3D11}.Release|Mixed Platforms.Build.0 = Release|Windows Phone
		{A563AABC-664B-4384-8709-E20063DA3D11}.Release|Windows Phone.ActiveCfg = Release|Windows Phone
		{A563AABC-664B-4384-8709-E20063DA3D11}.Release|Windows Phone.Build.0 = Release|Windows Phone
		{A563AABC-664B-4384-8709-E20063DA3D11}.Release|x86.ActiveCfg = Release|Windows Phone
		{A563AABC-664B-4384-8709-E20063DA3D11}.Release|x86.Build.0 = Release|Windows Phone
		{A563AABC-664B-4384-8709-E20063DA3D11}.Release|Xbox 360.ActiveCfg = Release|Windows Phone
		{A563AABC-664B-4384-8709-E20063DA3D11}.Release|Zune.ActiveCfg = Release|Windows Phone
		{C3C9DB55-98FE-4519-8E59-2018F68CDFAD}.Debug|Any CPU.ActiveCfg = Debug|Windows Phone
		{C3C9DB55-98FE-4519-8E59-2018F68CDFAD}.Debug|Mixed Platforms.ActiveCfg = Debug|Windows Phone
		{C3C9DB55-98FE-4519-8E59-2018F68CDFAD}.Debug|Mixed Platforms.Build.0 = Debug|Windows Phone
		{C3C9DB55-98FE-4519-8E59-2018F68CDFAD}.Debug|Windows Phone.ActiveCfg = Debug|Windows Phone
		{C3C9DB55-98FE-4519-8E59-2018F68CDFAD}.Debug|Windows Phone.Build.0 = Debug|Windows Phone
		{C3C9DB55-98FE-4519-8E59-2018F68CDFAD}.Debug|x86.ActiveCfg = Debug|Windows Phone
		{C3C9DB55-98FE-4519-8E59-2018F68CDFAD}.Debug|x86.Build.0 = Debug|Windows Phone
		{C3C9DB55-98FE-4519-8E59-2018F68CDFAD}.Debug|Xbox 360.ActiveCfg = Debug|Windows Phone
		{C3C9DB55-98FE-4519-8E59-2018F68CDFAD}.Debug|Zune.ActiveCfg = Debug|Windows Phone
		{C3C9DB55-98FE-4519-8E59-2018F68CDFAD}.Release|Any CPU.ActiveCfg = Release|Windows Phone
		{C3C9DB55-98FE-4519-8E59-2018F68CDFAD}.Release|Mixed Platforms.ActiveCfg = Release|Windows Phone
		{C3C9DB55-98FE-4519-8E59-2018F68CDFAD}.Release|Mixed Platforms.Build.0 = Release|Windows Phone
		{C3C9DB55-98FE-4519-8E59-2018F68CDFAD}.Release|Windows Phone.ActiveCfg = Release|Windows Phone
		{C3C9DB55-98FE-4519-8E59-2018F68CDFAD}.Release|Windows Phone.Build.0 = Release|Windows Phone
		{C3C9DB55-98FE-4519-8E59-2018F68CDFAD}.Release|x86.ActiveCfg = Release|Windows Phone
		{C3C9DB55-98FE-4519-8E59-2018F68CDFAD}.Release|x86.Build.0 = Release|Windows Phone
		{C3C9DB55-98FE-4519-8E59-2018F68CDFAD}.Release|Xbox 360.ActiveCfg = Release|Windows Phone
		{C3C9DB55-98FE-4519-8E59-2018F68CDFAD}.Release|Zune.ActiveCfg = Release|Windows Phone
		{B82400D7-0602-43AC-9FFB-C2B9C8D1A1F8}.Debug|Any CPU.ActiveCfg = Debug|Windows Phone
		{B82400D7-0602-43AC-9FFB-C2B9C8D1A1F8}.Debug|Mixed Platforms.ActiveCfg = Debug|Windows Phone
		{B82400D7-0602-43AC-9FFB-C2B9C8D1A1F8}.Debug|Mixed Platforms.Build.0 = Debug|Windows Phone
		{B82400D7-0602-43AC-9FFB-C2B9C8D1A1F8}.Debug|Windows Phone.ActiveCfg = Debug|Windows Phone
		{B82400D7-0602-43AC-9FFB-C2B9C8D1A1F8}.Debug|Windows Phone.Build.0 = Debug|Windows Phone
		{B82400D7-0602-43AC-9FFB-C2B9C8D1A1F8}.Debug|x86.ActiveCfg = Debug|Windows Phone
		{B82400D7-0602-43AC-9FFB-C2B9C8D1A1F8}.Debug|x86.Build.0 = Debug|Windows Phone
		{B82400D7-0602-43AC-9FFB-C2B9C8D1A1F8}.Debug|Xbox 360.ActiveCfg = Debug|Windows Phone
		{B82400D7-0602-43AC-9FFB-C2B9C8D1A1F8}.Debug|Zune.ActiveCfg = Debug|Windows Phone
		{B82400D7-0602-43AC-9FFB-C2B9C8D1A1F8}.Release|Any CPU.ActiveCfg = Release|Windows Phone
		{B82400D7-0602-43AC-9FFB-C2B9C8D1A1F8}.Release|Mixed Platforms.ActiveCfg = Release|Windows Phone
		{B82400D7-0602-43AC-9FFB-C2B9C8D1A1F8}.Release|Mixed Platforms.Build.0 = Release|Windows Phone
		{B82400D7-0602-43AC-9FFB-C2B9C8D1A1F8}.Release|Windows Phone.ActiveCfg = Release|Windows Phone
		{B82400D7-0602-43AC-9FFB-C2B9C8D1A1F8}.Release|Windows Phone.Build.0 = Release|Windows Phone
		{B82400D7-0602-43AC-9FFB-C2B9C8D1A1F8}.Release|x86.ActiveCfg = Release|Windows Phone
		{B82400D7-0602-43AC-9FFB-C2B9C8D1A1F8}.Release|x86.Build.0 = Release|Windows Phone
		{B82400D7-0602-43AC-9FFB-C2B9C8D1A1F8}.Release|Xbox 360.ActiveCfg = Release|Windows Phone
		{B82400D7-0602-43AC-9FFB-C2B9C8D1A1F8}.Release|Zune.ActiveCfg = Release|Windows Phone
		{960BB16D-D45B-4A25-9B98-4E038627CB7B}.Debug|Any CPU.ActiveCfg = Debug|Windows Phone
		{960BB16D-D45B-4A25-9B98-4E038627CB7B}.Debug|Mixed Platforms.ActiveCfg = Debug|Windows Phone
		{960BB16D-D45B-4A25-9B98-4E038627CB7B}.Debug|Mixed Platforms.Build.0 = Debug|Windows Phone
		{960BB16D-D45B-4A25-9B98-4E038627CB7B}.Debug|Mixed Platforms.Deploy.0 = Debug|Windows Phone
		{960BB16D-D45B-4A25-9B98-4E038627CB7B}.Debug|Windows Phone.ActiveCfg = Debug|Windows Phone
		{960BB16D-D45B-4A25-9B98-4E038627CB7B}.Debug|Windows Phone.Build.0 = Debug|Windows Phone
		{960BB16D-D45B-4A25-9B98-4E038627CB7B}.Debug|Windows Phone.Deploy.0 = Debug|Windows Phone
		{960BB16D-D45B-4A25-9B98-4E038627CB7B}.Debug|x86.ActiveCfg = Debug|Windows Phone
		{960BB16D-D45B-4A25-9B98-4E038627CB7B}.Debug|x86.Build.0 = Debug|Windows Phone
		{960BB16D-D45B-4A25-9B98-4E038627CB7B}.Debug|x86.Deploy.0 = Debug|Windows Phone
		{960BB16D-D45B-4A25-9B98-4E038627CB7B}.Debug|Xbox 360.ActiveCfg = Debug|Windows Phone
		{960BB16D-D45B-4A25-9B98-4E038627CB7B}.Debug|Zune.ActiveCfg = Debug|Windows Phone
		{960BB16D-D45B-4A25-9B98-4E038627CB7B}.Release|Any CPU.ActiveCfg = Release|Windows Phone
		{960BB16D-D45B-4A25-9B98-4E038627CB7B}.Release|Mixed Platforms.ActiveCfg = Release|Windows Phone
		{960BB16D-D45B-4A25-9B98-4E038627CB7B}.Release|Mixed Platforms.Build.0 = Release|Windows Phone
		{960BB16D-D45B-4A25-9B98-4E038627CB7B}.Release|Mixed Platforms.Deploy.0 = Release|Windows Phone
		{960BB16D-D45B-4A25-9B98-4E038627CB7B}.Release|Windows Phone.ActiveCfg = Release|Windows Phone
		{960BB16D-D45B-4A25-9B98-4E038627CB7B}.Release|Windows Phone.Build.0 = Release|Windows Phone
		{960BB16D-D45B-4A25-9B98-4E038627CB7B}.Release|Windows Phone.Deploy.0 = Release|Windows Phone
		{960BB16D-D45B-4A25-9B98-4E038627CB7B}.Release|x86.ActiveCfg = Release|Windows Phone
		{960BB16D-D45B-4A25-9B98-4E038627CB7B}.Release|x86.Build.0 = Release|Windows Phone
		{960BB16D-D45B-4A25-9B98-4E038627CB7B}.Release|x86.Deploy.0 = Release|Windows Phone
		{960BB16D-D45B-4A25-9B98-4E038627CB7B}.Release|Xbox 360.ActiveCfg = Release|Windows Phone
		{960BB16D-D45B-4A25-9B98-4E038627CB7B}.Release|Zune.ActiveCfg = Release|Windows Phone
	EndGlobalSection
	GlobalSection(SolutionProperties) = preSolution
		HideSolutionNode = FALSE
	EndGlobalSection
	GlobalSection(SourceCodeControl) = preSolution
		SccNumberOfProjects = 9
		SccLocalPath0 = .
		SccProjectUniqueName1 = Vfx\\Vex.csproj
		SccLocalPath1 = .
		SccProjectFilePathRelativizedFromConnection1 = Vfx\\
		SccProjectUniqueName2 = GdiRenderer\\GdiRenderer.csproj
		SccLocalPath2 = .
		SccProjectFilePathRelativizedFromConnection2 = GdiRenderer\\
		SccProjectUniqueName3 = XamlRenderer\\XamlRenderer.csproj
		SccLocalPath3 = .
		SccProjectFilePathRelativizedFromConnection3 = XamlRenderer\\
		SccProjectUniqueName4 = SwfToXaml\\SwfToXaml.csproj
		SccLocalPath4 = .
		SccProjectFilePathRelativizedFromConnection4 = SwfToXaml\\
		SccProjectUniqueName5 = TheConverted\\TheConverted.vdproj
		SccLocalPath5 = ..
		SccProjectFilePathRelativizedFromConnection5 = XnaAnimator\\TheConverted\\
		SccProjectUniqueName6 = XamlViewer\\XamlViewer.csproj
		SccLocalPath6 = .
		SccProjectFilePathRelativizedFromConnection6 = XamlViewer\\
		SccProjectUniqueName7 = SwfDump\\SwfDump.csproj
		SccLocalPath7 = .
		SccProjectFilePathRelativizedFromConnection7 = SwfDump\\
		SccProjectUniqueName8 = SwfReader\\SwfFormat.csproj
		SccLocalPath8 = .
		SccProjectFilePathRelativizedFromConnection8 = SwfReader\\
	EndGlobalSection
EndGlobal
