
Microsoft Visual Studio Solution File, Format Version 10.00
# Visual Studio 2008
Project("{FAE04EC0-301F-11D3-BF4B-00C04F79EFBC}") = "Box2D.XNA", "Box2D.XNA\Box2D.XNA.csproj", "{22791486-E721-4511-AA4B-DA26CF5D0F2E}"
EndProject
Project("{FAE04EC0-301F-11D3-BF4B-00C04F79EFBC}") = "Box2D.XNA (Xbox 360)", "Box2D.XNA\Box2D.XNA (Xbox 360).csproj", "{1238D759-EDBF-4F1C-9171-31C30AABDF04}"
EndProject
Project("{FAE04EC0-301F-11D3-BF4B-00C04F79EFBC}") = "Box2D.XNA.TestBed", "Box2D.XNA.TestBed\Box2D.XNA.TestBed.csproj", "{299B2C66-6731-4FC6-8E2D-F08BBE2F999C}"
EndProject
Project("{FAE04EC0-301F-11D3-BF4B-00C04F79EFBC}") = "Box2D.XNA.TestBed (Xbox 360)", "Box2D.XNA.TestBed\Box2D.XNA.TestBed (Xbox 360).csproj", "{3E61B59F-072D-4EBF-9586-70FE78608C5E}"
EndProject
Global
	GlobalSection(SolutionConfigurationPlatforms) = preSolution
		Debug|Any CPU = Debug|Any CPU
		Debug|Mixed Platforms = Debug|Mixed Platforms
		Debug|x86 = Debug|x86
		Debug|Xbox 360 = Debug|Xbox 360
		Release|Any CPU = Release|Any CPU
		Release|Mixed Platforms = Release|Mixed Platforms
		Release|x86 = Release|x86
		Release|Xbox 360 = Release|Xbox 360
	EndGlobalSection
	GlobalSection(ProjectConfigurationPlatforms) = postSolution
		{22791486-E721-4511-AA4B-DA26CF5D0F2E}.Debug|Any CPU.ActiveCfg = Debug|Any CPU
		{22791486-E721-4511-AA4B-DA26CF5D0F2E}.Debug|Any CPU.Build.0 = Debug|Any CPU
		{22791486-E721-4511-AA4B-DA26CF5D0F2E}.Debug|Mixed Platforms.ActiveCfg = Debug|Any CPU
		{22791486-E721-4511-AA4B-DA26CF5D0F2E}.Debug|Mixed Platforms.Build.0 = Debug|Any CPU
		{22791486-E721-4511-AA4B-DA26CF5D0F2E}.Debug|x86.ActiveCfg = Debug|Any CPU
		{22791486-E721-4511-AA4B-DA26CF5D0F2E}.Debug|Xbox 360.ActiveCfg = Debug|Any CPU
		{22791486-E721-4511-AA4B-DA26CF5D0F2E}.Release|Any CPU.ActiveCfg = Release|Any CPU
		{22791486-E721-4511-AA4B-DA26CF5D0F2E}.Release|Any CPU.Build.0 = Release|Any CPU
		{22791486-E721-4511-AA4B-DA26CF5D0F2E}.Release|Mixed Platforms.ActiveCfg = Release|Any CPU
		{22791486-E721-4511-AA4B-DA26CF5D0F2E}.Release|Mixed Platforms.Build.0 = Release|Any CPU
		{22791486-E721-4511-AA4B-DA26CF5D0F2E}.Release|x86.ActiveCfg = Release|Any CPU
		{22791486-E721-4511-AA4B-DA26CF5D0F2E}.Release|Xbox 360.ActiveCfg = Release|Any CPU
		{1238D759-EDBF-4F1C-9171-31C30AABDF04}.Debug|Any CPU.ActiveCfg = Debug|Xbox 360
		{1238D759-EDBF-4F1C-9171-31C30AABDF04}.Debug|Mixed Platforms.ActiveCfg = Debug|Xbox 360
		{1238D759-EDBF-4F1C-9171-31C30AABDF04}.Debug|Mixed Platforms.Build.0 = Debug|Xbox 360
		{1238D759-EDBF-4F1C-9171-31C30AABDF04}.Debug|x86.ActiveCfg = Debug|Xbox 360
		{1238D759-EDBF-4F1C-9171-31C30AABDF04}.Debug|Xbox 360.ActiveCfg = Debug|Xbox 360
		{1238D759-EDBF-4F1C-9171-31C30AABDF04}.Debug|Xbox 360.Build.0 = Debug|Xbox 360
		{1238D759-EDBF-4F1C-9171-31C30AABDF04}.Release|Any CPU.ActiveCfg = Release|Xbox 360
		{1238D759-EDBF-4F1C-9171-31C30AABDF04}.Release|Mixed Platforms.ActiveCfg = Release|Xbox 360
		{1238D759-EDBF-4F1C-9171-31C30AABDF04}.Release|Mixed Platforms.Build.0 = Release|Xbox 360
		{1238D759-EDBF-4F1C-9171-31C30AABDF04}.Release|x86.ActiveCfg = Release|Xbox 360
		{1238D759-EDBF-4F1C-9171-31C30AABDF04}.Release|Xbox 360.ActiveCfg = Release|Xbox 360
		{1238D759-EDBF-4F1C-9171-31C30AABDF04}.Release|Xbox 360.Build.0 = Release|Xbox 360
		{299B2C66-6731-4FC6-8E2D-F08BBE2F999C}.Debug|Any CPU.ActiveCfg = Debug|x86
		{299B2C66-6731-4FC6-8E2D-F08BBE2F999C}.Debug|Mixed Platforms.ActiveCfg = Debug|x86
		{299B2C66-6731-4FC6-8E2D-F08BBE2F999C}.Debug|Mixed Platforms.Build.0 = Debug|x86
		{299B2C66-6731-4FC6-8E2D-F08BBE2F999C}.Debug|x86.ActiveCfg = Debug|x86
		{299B2C66-6731-4FC6-8E2D-F08BBE2F999C}.Debug|x86.Build.0 = Debug|x86
		{299B2C66-6731-4FC6-8E2D-F08BBE2F999C}.Debug|Xbox 360.ActiveCfg = Debug|x86
		{299B2C66-6731-4FC6-8E2D-F08BBE2F999C}.Release|Any CPU.ActiveCfg = Release|x86
		{299B2C66-6731-4FC6-8E2D-F08BBE2F999C}.Release|Mixed Platforms.ActiveCfg = Release|x86
		{299B2C66-6731-4FC6-8E2D-F08BBE2F999C}.Release|Mixed Platforms.Build.0 = Release|x86
		{299B2C66-6731-4FC6-8E2D-F08BBE2F999C}.Release|x86.ActiveCfg = Release|x86
		{299B2C66-6731-4FC6-8E2D-F08BBE2F999C}.Release|x86.Build.0 = Release|x86
		{299B2C66-6731-4FC6-8E2D-F08BBE2F999C}.Release|Xbox 360.ActiveCfg = Release|x86
		{D56CE43B-5255-4E09-9BF0-D1F000DBB9D4}.Debug|Any CPU.ActiveCfg = Debug|x86
		{D56CE43B-5255-4E09-9BF0-D1F000DBB9D4}.Debug|Mixed Platforms.ActiveCfg = Debug|x86
		{D56CE43B-5255-4E09-9BF0-D1F000DBB9D4}.Debug|x86.ActiveCfg = Debug|x86
		{D56CE43B-5255-4E09-9BF0-D1F000DBB9D4}.Debug|Xbox 360.ActiveCfg = Debug|x86
		{D56CE43B-5255-4E09-9BF0-D1F000DBB9D4}.Release|Any CPU.ActiveCfg = Release|x86
		{D56CE43B-5255-4E09-9BF0-D1F000DBB9D4}.Release|Mixed Platforms.ActiveCfg = Release|x86
		{D56CE43B-5255-4E09-9BF0-D1F000DBB9D4}.Release|x86.ActiveCfg = Release|x86
		{D56CE43B-5255-4E09-9BF0-D1F000DBB9D4}.Release|Xbox 360.ActiveCfg = Release|x86
		{3E61B59F-072D-4EBF-9586-70FE78608C5E}.Debug|Any CPU.ActiveCfg = Debug|Xbox 360
		{3E61B59F-072D-4EBF-9586-70FE78608C5E}.Debug|Mixed Platforms.ActiveCfg = Debug|Xbox 360
		{3E61B59F-072D-4EBF-9586-70FE78608C5E}.Debug|Mixed Platforms.Build.0 = Debug|Xbox 360
		{3E61B59F-072D-4EBF-9586-70FE78608C5E}.Debug|Mixed Platforms.Deploy.0 = Debug|Xbox 360
		{3E61B59F-072D-4EBF-9586-70FE78608C5E}.Debug|x86.ActiveCfg = Debug|Xbox 360
		{3E61B59F-072D-4EBF-9586-70FE78608C5E}.Debug|Xbox 360.ActiveCfg = Debug|Xbox 360
		{3E61B59F-072D-4EBF-9586-70FE78608C5E}.Debug|Xbox 360.Build.0 = Debug|Xbox 360
		{3E61B59F-072D-4EBF-9586-70FE78608C5E}.Debug|Xbox 360.Deploy.0 = Debug|Xbox 360
		{3E61B59F-072D-4EBF-9586-70FE78608C5E}.Release|Any CPU.ActiveCfg = Release|Xbox 360
		{3E61B59F-072D-4EBF-9586-70FE78608C5E}.Release|Mixed Platforms.ActiveCfg = Release|Xbox 360
		{3E61B59F-072D-4EBF-9586-70FE78608C5E}.Release|Mixed Platforms.Build.0 = Release|Xbox 360
		{3E61B59F-072D-4EBF-9586-70FE78608C5E}.Release|Mixed Platforms.Deploy.0 = Release|Xbox 360
		{3E61B59F-072D-4EBF-9586-70FE78608C5E}.Release|x86.ActiveCfg = Release|Xbox 360
		{3E61B59F-072D-4EBF-9586-70FE78608C5E}.Release|Xbox 360.ActiveCfg = Release|Xbox 360
		{3E61B59F-072D-4EBF-9586-70FE78608C5E}.Release|Xbox 360.Build.0 = Release|Xbox 360
		{3E61B59F-072D-4EBF-9586-70FE78608C5E}.Release|Xbox 360.Deploy.0 = Release|Xbox 360
	EndGlobalSection
	GlobalSection(SolutionProperties) = preSolution
		HideSolutionNode = FALSE
	EndGlobalSection
EndGlobal
